{
  "version": 1,
  "dependencies": {
    "net8.0": {
      "BCrypt.Net-Next": {
        "type": "Direct",
        "requested": "[4.0.3, )",
        "resolved": "4.0.3",
        "contentHash": "W+U9WvmZQgi5cX6FS5GDtDoPzUCV4LkBLkywq/kRZhuDwcbavOzcDAr3LXJFqHUi952Yj3LEYoWW0jbEUQChsA=="
      },
      "Duey.Abstractions": {
        "type": "Transitive",
        "resolved": "2.0.0",
        "contentHash": "KP3l7yZoT1uMk8B+rAjZ3VL+2/XfXZxKTx31wDz7JNfcPnUmllJpgoqnDYQcVEJ5e4WLWToBQHZ3OIgOm6T/kg=="
      },
      "MathParser.org-mXparser": {
        "type": "Transitive",
        "resolved": "4.4.3",
        "contentHash": "QhHsP4nzyjC3G2kJ+dbT3NFuE0M0rKfa0wQjCcn5UyK0VnXN8OeYMy9KEYGzNKI9ealcwOQJd/4Xcq4PE+Vl7g=="
      },
      "Microsoft.Extensions.Logging.Abstractions": {
        "type": "Transitive",
        "resolved": "7.0.0",
        "contentHash": "kmn78+LPVMOWeITUjIlfxUPDsI0R6G0RkeAMBmQxAJ7vBJn4q2dTva7pWi65ceN5vPGjJ9q/Uae2WKgvfktJAw=="
      },
      "Microsoft.IO.RecyclableMemoryStream": {
        "type": "Transitive",
        "resolved": "2.3.2",
        "contentHash": "Oh1qXXFdJFcHozvb4H6XYLf2W0meZFuG0A+TfapFPj9z5fd4vxiARGEhAaLj/6XWQaMYIv4SH/9Q6H78Hw0E2Q=="
      },
      "RBush": {
        "type": "Transitive",
        "resolved": "3.2.0",
        "contentHash": "ijGh9N0zZ7JfXk3oQkWCwK8SwSSByexbyh/MjbCjNxOft9eG5ZqKC1vdgiYq78h4IZRFmN4s3JZ/b10Jipud5w=="
      },
      "edelstein.common.constants": {
        "type": "Project",
        "dependencies": {
          "Edelstein.Protocol.Gameplay": "[1.0.0, )"
        }
      },
      "edelstein.common.gameplay": {
        "type": "Project",
        "dependencies": {
          "Duey.Abstractions": "[2.0.0, )",
          "Edelstein.Common.Constants": "[1.0.0, )",
          "Edelstein.Common.Utilities": "[1.0.0, )",
          "Edelstein.Protocol.Gameplay": "[1.0.0, )",
          "Edelstein.Protocol.Services.Server": "[1.0.0, )",
          "Edelstein.Protocol.Services.Social": "[1.0.0, )",
          "MathParser.org-mXparser": "[4.4.3, )",
          "Microsoft.Extensions.Logging.Abstractions": "[7.0.0, )"
        }
      },
      "edelstein.common.utilities": {
        "type": "Project",
        "dependencies": {
          "Edelstein.Protocol.Utilities": "[1.0.0, )",
          "Microsoft.Extensions.Logging.Abstractions": "[7.0.0, )",
          "Microsoft.IO.RecyclableMemoryStream": "[2.3.2, )",
          "RBush": "[3.2.0, )"
        }
      },
      "edelstein.protocol.gameplay": {
        "type": "Project",
        "dependencies": {
          "Edelstein.Common.Utilities": "[1.0.0, )",
          "Edelstein.Protocol.Network": "[1.0.0, )",
          "Edelstein.Protocol.Services.Social": "[1.0.0, )",
          "Edelstein.Protocol.Utilities": "[1.0.0, )"
        }
      },
      "edelstein.protocol.gameplay.login": {
        "type": "Project",
        "dependencies": {
          "Duey.Abstractions": "[2.0.0, )",
          "Edelstein.Protocol.Gameplay": "[1.0.0, )",
          "Edelstein.Protocol.Services.Auth": "[1.0.0, )",
          "Edelstein.Protocol.Services.Server": "[1.0.0, )"
        }
      },
      "edelstein.protocol.network": {
        "type": "Project",
        "dependencies": {
          "Edelstein.Protocol.Utilities": "[1.0.0, )"
        }
      },
      "edelstein.protocol.services.auth": {
        "type": "Project"
      },
      "edelstein.protocol.services.server": {
        "type": "Project",
        "dependencies": {
          "Edelstein.Protocol.Gameplay": "[1.0.0, )",
          "Edelstein.Protocol.Utilities": "[1.0.0, )"
        }
      },
      "edelstein.protocol.services.social": {
        "type": "Project",
        "dependencies": {
          "Edelstein.Protocol.Utilities": "[1.0.0, )"
        }
      },
      "edelstein.protocol.utilities": {
        "type": "Project"
      }
    }
  }
}