Microsoft Visual Studio Solution File, Format Version 12.00
# Visual Studio Version 16
Project("{9A19103F-16F7-4668-BE54-9A1E7A4F7556}") = "Edelstein.Common.Datastore.Marten", "src\common\Edelstein.Common.Datastore.Marten\Edelstein.Common.Datastore.Marten.csproj", "{A39517B2-A576-4253-B01A-8BB216DF51CB}"
EndProject
Project("{9A19103F-16F7-4668-BE54-9A1E7A4F7556}") = "Edelstein.App.Standalone", "src\app\Edelstein.App.Standalone\Edelstein.App.Standalone.csproj", "{AD273B40-4F55-43C7-9837-4AC89D907D8B}"
EndProject
Project("{9A19103F-16F7-4668-BE54-9A1E7A4F7556}") = "Tinystein", "src\app\Tinystein\Tinystein.csproj", "{8BB250F2-1165-4DFA-847D-EBBD11EFFC95}"
EndProject
Project("{9A19103F-16F7-4668-BE54-9A1E7A4F7556}") = "Edelstein.Common.Datastore.LiteDB", "src\common\Edelstein.Common.Datastore.LiteDB\Edelstein.Common.Datastore.LiteDB.csproj", "{1E0193B1-8179-4867-B222-4205BE28F312}"
EndProject
Project("{9A19103F-16F7-4668-BE54-9A1E7A4F7556}") = "Edelstein.Common.Gameplay.Stages.Game", "src\common\Edelstein.Common.Gameplay.Stages.Game\Edelstein.Common.Gameplay.Stages.Game.csproj", "{F0CFB6C3-446E-4E6C-99E2-0200F08CE1F3}"
EndProject
Project("{9A19103F-16F7-4668-BE54-9A1E7A4F7556}") = "Edelstein.Common.Gameplay.Stages.Login", "src\common\Edelstein.Common.Gameplay.Stages.Login\Edelstein.Common.Gameplay.Stages.Login.csproj", "{20A6F09C-49DB-401E-A324-122D5E0BF917}"
EndProject
Project("{9A19103F-16F7-4668-BE54-9A1E7A4F7556}") = "Edelstein.Common.Gameplay", "src\common\Edelstein.Common.Gameplay\Edelstein.Common.Gameplay.csproj", "{DD72CA59-B612-4100-BD4B-942CAEC803F5}"
EndProject
Project("{9A19103F-16F7-4668-BE54-9A1E7A4F7556}") = "Edelstein.Common.Network.DotNetty", "src\common\Edelstein.Common.Network.DotNetty\Edelstein.Common.Network.DotNetty.csproj", "{B5FC18B8-6E73-4FA3-92F4-190B4574BB38}"
EndProject
Project("{9A19103F-16F7-4668-BE54-9A1E7A4F7556}") = "Edelstein.Common.Parser.Duey", "src\common\Edelstein.Common.Parser.Duey\Edelstein.Common.Parser.Duey.csproj", "{6C95F9AC-7825-4AF3-9FC3-599E3B5F3F7A}"
EndProject
Project("{9A19103F-16F7-4668-BE54-9A1E7A4F7556}") = "Edelstein.Common.Parser.reWZ", "src\common\Edelstein.Common.Parser.reWZ\Edelstein.Common.Parser.reWZ.csproj", "{C750BDE6-55E4-42D7-8B58-932D8DEE60FC}"
EndProject
Project("{9A19103F-16F7-4668-BE54-9A1E7A4F7556}") = "Edelstein.Common.Scripting.NLua", "src\common\Edelstein.Common.Scripting.NLua\Edelstein.Common.Scripting.NLua.csproj", "{7ED30C0E-AB1A-48C5-A376-57667DDB5CCF}"
EndProject
Project("{9A19103F-16F7-4668-BE54-9A1E7A4F7556}") = "Edelstein.Common.Services", "src\common\Edelstein.Common.Services\Edelstein.Common.Services.csproj", "{7EEA1956-3DD9-4E21-99A3-A9A9A6E2B9B2}"
EndProject
Project("{9A19103F-16F7-4668-BE54-9A1E7A4F7556}") = "Edelstein.Common.Util", "src\common\Edelstein.Common.Util\Edelstein.Common.Util.csproj", "{2CB908D1-4C82-4F23-933E-1BBDD8644AAC}"
EndProject
Project("{9A19103F-16F7-4668-BE54-9A1E7A4F7556}") = "Edelstein.Protocol.Datastore", "src\protocol\Edelstein.Protocol.Datastore\Edelstein.Protocol.Datastore.csproj", "{9C6F4532-703D-44B8-8F2B-A2CE1ABC4A88}"
EndProject
Project("{9A19103F-16F7-4668-BE54-9A1E7A4F7556}") = "Edelstein.Protocol.Gameplay.Stages.Game", "src\protocol\Edelstein.Protocol.Gameplay.Stages.Game\Edelstein.Protocol.Gameplay.Stages.Game.csproj", "{5D660C6C-2687-498F-8209-85DDB127AC94}"
EndProject
Project("{9A19103F-16F7-4668-BE54-9A1E7A4F7556}") = "Edelstein.Protocol.Gameplay.Stages.Login", "src\protocol\Edelstein.Protocol.Gameplay.Stages.Login\Edelstein.Protocol.Gameplay.Stages.Login.csproj", "{8CC102F9-8D27-4B7F-8282-68A52B51A3F4}"
EndProject
Project("{9A19103F-16F7-4668-BE54-9A1E7A4F7556}") = "Edelstein.Protocol.Gameplay", "src\protocol\Edelstein.Protocol.Gameplay\Edelstein.Protocol.Gameplay.csproj", "{6B55E7E9-B276-494B-BF3F-59974925B206}"
EndProject
Project("{9A19103F-16F7-4668-BE54-9A1E7A4F7556}") = "Edelstein.Protocol.Network", "src\protocol\Edelstein.Protocol.Network\Edelstein.Protocol.Network.csproj", "{DF11C2C3-D15F-4059-99DF-976B8EC976C1}"
EndProject
Project("{9A19103F-16F7-4668-BE54-9A1E7A4F7556}") = "Edelstein.Protocol.Parser", "src\protocol\Edelstein.Protocol.Parser\Edelstein.Protocol.Parser.csproj", "{ED78A57E-ED7E-45AA-AF9A-1436C788480F}"
EndProject
Project("{9A19103F-16F7-4668-BE54-9A1E7A4F7556}") = "Edelstein.Protocol.Scripting", "src\protocol\Edelstein.Protocol.Scripting\Edelstein.Protocol.Scripting.csproj", "{E0717A9E-D364-4E3F-8DE5-0C7F7333F7F7}"
EndProject
Project("{9A19103F-16F7-4668-BE54-9A1E7A4F7556}") = "Edelstein.Protocol.Services", "src\protocol\Edelstein.Protocol.Services\Edelstein.Protocol.Services.csproj", "{36BDAD3D-9003-42BB-9376-F432B8E88840}"
EndProject
Project("{9A19103F-16F7-4668-BE54-9A1E7A4F7556}") = "Edelstein.Protocol.Util", "src\protocol\Edelstein.Protocol.Util\Edelstein.Protocol.Util.csproj", "{62FD8EED-BED2-4C3C-90C2-F94B55B82917}"
EndProject
Project("{2150E333-8FDC-42A3-9474-1A3956D46DE8}") = "src", "src", "{27845866-0BB1-44FF-97D6-B61477950FBD}"
EndProject
Project("{2150E333-8FDC-42A3-9474-1A3956D46DE8}") = "app", "app", "{08BE3F56-F4E7-41D9-BBF1-14DC804B08A7}"
EndProject
Project("{2150E333-8FDC-42A3-9474-1A3956D46DE8}") = "common", "common", "{379C3451-CE89-40E9-8E88-8EDC9E888FD8}"
EndProject
Project("{2150E333-8FDC-42A3-9474-1A3956D46DE8}") = "protocol", "protocol", "{9CCC2052-ABE3-46C4-9DA9-503365F05C97}"
EndProject
Project("{FAE04EC0-301F-11D3-BF4B-00C04F79EFBC}") = "Edelstein.Common.Hosting", "src\common\Edelstein.Common.Hosting\Edelstein.Common.Hosting.csproj", "{E0E6DB36-09C3-40A2-A852-A9D37EFDB374}"
EndProject
Project("{FAE04EC0-301F-11D3-BF4B-00C04F79EFBC}") = "Edelstein.App.Login", "src\app\Edelstein.App.Login\Edelstein.App.Login.csproj", "{97CC11A0-56E8-4DC9-AA23-E1B8925B1FE1}"
EndProject
Global
	GlobalSection(SolutionConfigurationPlatforms) = preSolution
		Debug|Any CPU = Debug|Any CPU
		Release|Any CPU = Release|Any CPU
	EndGlobalSection
	GlobalSection(ProjectConfigurationPlatforms) = postSolution
		{A39517B2-A576-4253-B01A-8BB216DF51CB}.Debug|Any CPU.ActiveCfg = Debug|Any CPU
		{A39517B2-A576-4253-B01A-8BB216DF51CB}.Debug|Any CPU.Build.0 = Debug|Any CPU
		{A39517B2-A576-4253-B01A-8BB216DF51CB}.Release|Any CPU.ActiveCfg = Release|Any CPU
		{A39517B2-A576-4253-B01A-8BB216DF51CB}.Release|Any CPU.Build.0 = Release|Any CPU
		{1E0193B1-8179-4867-B222-4205BE28F312}.Debug|Any CPU.ActiveCfg = Debug|Any CPU
		{1E0193B1-8179-4867-B222-4205BE28F312}.Debug|Any CPU.Build.0 = Debug|Any CPU
		{1E0193B1-8179-4867-B222-4205BE28F312}.Release|Any CPU.ActiveCfg = Release|Any CPU
		{1E0193B1-8179-4867-B222-4205BE28F312}.Release|Any CPU.Build.0 = Release|Any CPU
		{8BB250F2-1165-4DFA-847D-EBBD11EFFC95}.Debug|Any CPU.ActiveCfg = Debug|Any CPU
		{8BB250F2-1165-4DFA-847D-EBBD11EFFC95}.Debug|Any CPU.Build.0 = Debug|Any CPU
		{8BB250F2-1165-4DFA-847D-EBBD11EFFC95}.Release|Any CPU.ActiveCfg = Release|Any CPU
		{8BB250F2-1165-4DFA-847D-EBBD11EFFC95}.Release|Any CPU.Build.0 = Release|Any CPU
		{AD273B40-4F55-43C7-9837-4AC89D907D8B}.Debug|Any CPU.ActiveCfg = Debug|Any CPU
		{AD273B40-4F55-43C7-9837-4AC89D907D8B}.Debug|Any CPU.Build.0 = Debug|Any CPU
		{AD273B40-4F55-43C7-9837-4AC89D907D8B}.Release|Any CPU.ActiveCfg = Release|Any CPU
		{AD273B40-4F55-43C7-9837-4AC89D907D8B}.Release|Any CPU.Build.0 = Release|Any CPU
		{20A6F09C-49DB-401E-A324-122D5E0BF917}.Debug|Any CPU.ActiveCfg = Debug|Any CPU
		{20A6F09C-49DB-401E-A324-122D5E0BF917}.Debug|Any CPU.Build.0 = Debug|Any CPU
		{20A6F09C-49DB-401E-A324-122D5E0BF917}.Release|Any CPU.ActiveCfg = Release|Any CPU
		{20A6F09C-49DB-401E-A324-122D5E0BF917}.Release|Any CPU.Build.0 = Release|Any CPU
		{B5FC18B8-6E73-4FA3-92F4-190B4574BB38}.Debug|Any CPU.ActiveCfg = Debug|Any CPU
		{B5FC18B8-6E73-4FA3-92F4-190B4574BB38}.Debug|Any CPU.Build.0 = Debug|Any CPU
		{B5FC18B8-6E73-4FA3-92F4-190B4574BB38}.Release|Any CPU.ActiveCfg = Release|Any CPU
		{B5FC18B8-6E73-4FA3-92F4-190B4574BB38}.Release|Any CPU.Build.0 = Release|Any CPU
		{DD72CA59-B612-4100-BD4B-942CAEC803F5}.Debug|Any CPU.ActiveCfg = Debug|Any CPU
		{DD72CA59-B612-4100-BD4B-942CAEC803F5}.Debug|Any CPU.Build.0 = Debug|Any CPU
		{DD72CA59-B612-4100-BD4B-942CAEC803F5}.Release|Any CPU.ActiveCfg = Release|Any CPU
		{DD72CA59-B612-4100-BD4B-942CAEC803F5}.Release|Any CPU.Build.0 = Release|Any CPU
		{F0CFB6C3-446E-4E6C-99E2-0200F08CE1F3}.Debug|Any CPU.ActiveCfg = Debug|Any CPU
		{F0CFB6C3-446E-4E6C-99E2-0200F08CE1F3}.Debug|Any CPU.Build.0 = Debug|Any CPU
		{F0CFB6C3-446E-4E6C-99E2-0200F08CE1F3}.Release|Any CPU.ActiveCfg = Release|Any CPU
		{F0CFB6C3-446E-4E6C-99E2-0200F08CE1F3}.Release|Any CPU.Build.0 = Release|Any CPU
		{C750BDE6-55E4-42D7-8B58-932D8DEE60FC}.Debug|Any CPU.ActiveCfg = Debug|Any CPU
		{C750BDE6-55E4-42D7-8B58-932D8DEE60FC}.Debug|Any CPU.Build.0 = Debug|Any CPU
		{C750BDE6-55E4-42D7-8B58-932D8DEE60FC}.Release|Any CPU.ActiveCfg = Release|Any CPU
		{C750BDE6-55E4-42D7-8B58-932D8DEE60FC}.Release|Any CPU.Build.0 = Release|Any CPU
		{6C95F9AC-7825-4AF3-9FC3-599E3B5F3F7A}.Debug|Any CPU.ActiveCfg = Debug|Any CPU
		{6C95F9AC-7825-4AF3-9FC3-599E3B5F3F7A}.Debug|Any CPU.Build.0 = Debug|Any CPU
		{6C95F9AC-7825-4AF3-9FC3-599E3B5F3F7A}.Release|Any CPU.ActiveCfg = Release|Any CPU
		{6C95F9AC-7825-4AF3-9FC3-599E3B5F3F7A}.Release|Any CPU.Build.0 = Release|Any CPU
		{7ED30C0E-AB1A-48C5-A376-57667DDB5CCF}.Debug|Any CPU.ActiveCfg = Debug|Any CPU
		{7ED30C0E-AB1A-48C5-A376-57667DDB5CCF}.Debug|Any CPU.Build.0 = Debug|Any CPU
		{7ED30C0E-AB1A-48C5-A376-57667DDB5CCF}.Release|Any CPU.ActiveCfg = Release|Any CPU
		{7ED30C0E-AB1A-48C5-A376-57667DDB5CCF}.Release|Any CPU.Build.0 = Release|Any CPU
		{7EEA1956-3DD9-4E21-99A3-A9A9A6E2B9B2}.Debug|Any CPU.ActiveCfg = Debug|Any CPU
		{7EEA1956-3DD9-4E21-99A3-A9A9A6E2B9B2}.Debug|Any CPU.Build.0 = Debug|Any CPU
		{7EEA1956-3DD9-4E21-99A3-A9A9A6E2B9B2}.Release|Any CPU.ActiveCfg = Release|Any CPU
		{7EEA1956-3DD9-4E21-99A3-A9A9A6E2B9B2}.Release|Any CPU.Build.0 = Release|Any CPU
		{9C6F4532-703D-44B8-8F2B-A2CE1ABC4A88}.Debug|Any CPU.ActiveCfg = Debug|Any CPU
		{9C6F4532-703D-44B8-8F2B-A2CE1ABC4A88}.Debug|Any CPU.Build.0 = Debug|Any CPU
		{9C6F4532-703D-44B8-8F2B-A2CE1ABC4A88}.Release|Any CPU.ActiveCfg = Release|Any CPU
		{9C6F4532-703D-44B8-8F2B-A2CE1ABC4A88}.Release|Any CPU.Build.0 = Release|Any CPU
		{2CB908D1-4C82-4F23-933E-1BBDD8644AAC}.Debug|Any CPU.ActiveCfg = Debug|Any CPU
		{2CB908D1-4C82-4F23-933E-1BBDD8644AAC}.Debug|Any CPU.Build.0 = Debug|Any CPU
		{2CB908D1-4C82-4F23-933E-1BBDD8644AAC}.Release|Any CPU.ActiveCfg = Release|Any CPU
		{2CB908D1-4C82-4F23-933E-1BBDD8644AAC}.Release|Any CPU.Build.0 = Release|Any CPU
		{5D660C6C-2687-498F-8209-85DDB127AC94}.Debug|Any CPU.ActiveCfg = Debug|Any CPU
		{5D660C6C-2687-498F-8209-85DDB127AC94}.Debug|Any CPU.Build.0 = Debug|Any CPU
		{5D660C6C-2687-498F-8209-85DDB127AC94}.Release|Any CPU.ActiveCfg = Release|Any CPU
		{5D660C6C-2687-498F-8209-85DDB127AC94}.Release|Any CPU.Build.0 = Release|Any CPU
		{8CC102F9-8D27-4B7F-8282-68A52B51A3F4}.Debug|Any CPU.ActiveCfg = Debug|Any CPU
		{8CC102F9-8D27-4B7F-8282-68A52B51A3F4}.Debug|Any CPU.Build.0 = Debug|Any CPU
		{8CC102F9-8D27-4B7F-8282-68A52B51A3F4}.Release|Any CPU.ActiveCfg = Release|Any CPU
		{8CC102F9-8D27-4B7F-8282-68A52B51A3F4}.Release|Any CPU.Build.0 = Release|Any CPU
		{6B55E7E9-B276-494B-BF3F-59974925B206}.Debug|Any CPU.ActiveCfg = Debug|Any CPU
		{6B55E7E9-B276-494B-BF3F-59974925B206}.Debug|Any CPU.Build.0 = Debug|Any CPU
		{6B55E7E9-B276-494B-BF3F-59974925B206}.Release|Any CPU.ActiveCfg = Release|Any CPU
		{6B55E7E9-B276-494B-BF3F-59974925B206}.Release|Any CPU.Build.0 = Release|Any CPU
		{DF11C2C3-D15F-4059-99DF-976B8EC976C1}.Debug|Any CPU.ActiveCfg = Debug|Any CPU
		{DF11C2C3-D15F-4059-99DF-976B8EC976C1}.Debug|Any CPU.Build.0 = Debug|Any CPU
		{DF11C2C3-D15F-4059-99DF-976B8EC976C1}.Release|Any CPU.ActiveCfg = Release|Any CPU
		{DF11C2C3-D15F-4059-99DF-976B8EC976C1}.Release|Any CPU.Build.0 = Release|Any CPU
		{ED78A57E-ED7E-45AA-AF9A-1436C788480F}.Debug|Any CPU.ActiveCfg = Debug|Any CPU
		{ED78A57E-ED7E-45AA-AF9A-1436C788480F}.Debug|Any CPU.Build.0 = Debug|Any CPU
		{ED78A57E-ED7E-45AA-AF9A-1436C788480F}.Release|Any CPU.ActiveCfg = Release|Any CPU
		{ED78A57E-ED7E-45AA-AF9A-1436C788480F}.Release|Any CPU.Build.0 = Release|Any CPU
		{E0717A9E-D364-4E3F-8DE5-0C7F7333F7F7}.Debug|Any CPU.ActiveCfg = Debug|Any CPU
		{E0717A9E-D364-4E3F-8DE5-0C7F7333F7F7}.Debug|Any CPU.Build.0 = Debug|Any CPU
		{E0717A9E-D364-4E3F-8DE5-0C7F7333F7F7}.Release|Any CPU.ActiveCfg = Release|Any CPU
		{E0717A9E-D364-4E3F-8DE5-0C7F7333F7F7}.Release|Any CPU.Build.0 = Release|Any CPU
		{36BDAD3D-9003-42BB-9376-F432B8E88840}.Debug|Any CPU.ActiveCfg = Debug|Any CPU
		{36BDAD3D-9003-42BB-9376-F432B8E88840}.Debug|Any CPU.Build.0 = Debug|Any CPU
		{36BDAD3D-9003-42BB-9376-F432B8E88840}.Release|Any CPU.ActiveCfg = Release|Any CPU
		{36BDAD3D-9003-42BB-9376-F432B8E88840}.Release|Any CPU.Build.0 = Release|Any CPU
		{62FD8EED-BED2-4C3C-90C2-F94B55B82917}.Debug|Any CPU.ActiveCfg = Debug|Any CPU
		{62FD8EED-BED2-4C3C-90C2-F94B55B82917}.Debug|Any CPU.Build.0 = Debug|Any CPU
		{62FD8EED-BED2-4C3C-90C2-F94B55B82917}.Release|Any CPU.ActiveCfg = Release|Any CPU
		{62FD8EED-BED2-4C3C-90C2-F94B55B82917}.Release|Any CPU.Build.0 = Release|Any CPU
		{E0E6DB36-09C3-40A2-A852-A9D37EFDB374}.Debug|Any CPU.ActiveCfg = Debug|Any CPU
		{E0E6DB36-09C3-40A2-A852-A9D37EFDB374}.Debug|Any CPU.Build.0 = Debug|Any CPU
		{E0E6DB36-09C3-40A2-A852-A9D37EFDB374}.Release|Any CPU.ActiveCfg = Release|Any CPU
		{E0E6DB36-09C3-40A2-A852-A9D37EFDB374}.Release|Any CPU.Build.0 = Release|Any CPU
		{97CC11A0-56E8-4DC9-AA23-E1B8925B1FE1}.Debug|Any CPU.ActiveCfg = Debug|Any CPU
		{97CC11A0-56E8-4DC9-AA23-E1B8925B1FE1}.Debug|Any CPU.Build.0 = Debug|Any CPU
		{97CC11A0-56E8-4DC9-AA23-E1B8925B1FE1}.Release|Any CPU.ActiveCfg = Release|Any CPU
		{97CC11A0-56E8-4DC9-AA23-E1B8925B1FE1}.Release|Any CPU.Build.0 = Release|Any CPU
	EndGlobalSection
	GlobalSection(SolutionProperties) = preSolution
		HideSolutionNode = FALSE
	EndGlobalSection
	GlobalSection(ExtensibilityGlobals) = postSolution
		SolutionGuid = {85FFEEC0-EF54-46CF-878A-0C65ED917E90}
	EndGlobalSection
	GlobalSection(NestedProjects) = preSolution
		{08BE3F56-F4E7-41D9-BBF1-14DC804B08A7} = {27845866-0BB1-44FF-97D6-B61477950FBD}
		{379C3451-CE89-40E9-8E88-8EDC9E888FD8} = {27845866-0BB1-44FF-97D6-B61477950FBD}
		{9CCC2052-ABE3-46C4-9DA9-503365F05C97} = {27845866-0BB1-44FF-97D6-B61477950FBD}
		{AD273B40-4F55-43C7-9837-4AC89D907D8B} = {08BE3F56-F4E7-41D9-BBF1-14DC804B08A7}
		{8BB250F2-1165-4DFA-847D-EBBD11EFFC95} = {08BE3F56-F4E7-41D9-BBF1-14DC804B08A7}
		{1E0193B1-8179-4867-B222-4205BE28F312} = {379C3451-CE89-40E9-8E88-8EDC9E888FD8}
		{A39517B2-A576-4253-B01A-8BB216DF51CB} = {379C3451-CE89-40E9-8E88-8EDC9E888FD8}
		{DD72CA59-B612-4100-BD4B-942CAEC803F5} = {379C3451-CE89-40E9-8E88-8EDC9E888FD8}
		{F0CFB6C3-446E-4E6C-99E2-0200F08CE1F3} = {379C3451-CE89-40E9-8E88-8EDC9E888FD8}
		{20A6F09C-49DB-401E-A324-122D5E0BF917} = {379C3451-CE89-40E9-8E88-8EDC9E888FD8}
		{B5FC18B8-6E73-4FA3-92F4-190B4574BB38} = {379C3451-CE89-40E9-8E88-8EDC9E888FD8}
		{6C95F9AC-7825-4AF3-9FC3-599E3B5F3F7A} = {379C3451-CE89-40E9-8E88-8EDC9E888FD8}
		{C750BDE6-55E4-42D7-8B58-932D8DEE60FC} = {379C3451-CE89-40E9-8E88-8EDC9E888FD8}
		{7ED30C0E-AB1A-48C5-A376-57667DDB5CCF} = {379C3451-CE89-40E9-8E88-8EDC9E888FD8}
		{7EEA1956-3DD9-4E21-99A3-A9A9A6E2B9B2} = {379C3451-CE89-40E9-8E88-8EDC9E888FD8}
		{2CB908D1-4C82-4F23-933E-1BBDD8644AAC} = {379C3451-CE89-40E9-8E88-8EDC9E888FD8}
		{9C6F4532-703D-44B8-8F2B-A2CE1ABC4A88} = {9CCC2052-ABE3-46C4-9DA9-503365F05C97}
		{6B55E7E9-B276-494B-BF3F-59974925B206} = {9CCC2052-ABE3-46C4-9DA9-503365F05C97}
		{5D660C6C-2687-498F-8209-85DDB127AC94} = {9CCC2052-ABE3-46C4-9DA9-503365F05C97}
		{8CC102F9-8D27-4B7F-8282-68A52B51A3F4} = {9CCC2052-ABE3-46C4-9DA9-503365F05C97}
		{DF11C2C3-D15F-4059-99DF-976B8EC976C1} = {9CCC2052-ABE3-46C4-9DA9-503365F05C97}
		{ED78A57E-ED7E-45AA-AF9A-1436C788480F} = {9CCC2052-ABE3-46C4-9DA9-503365F05C97}
		{E0717A9E-D364-4E3F-8DE5-0C7F7333F7F7} = {9CCC2052-ABE3-46C4-9DA9-503365F05C97}
		{36BDAD3D-9003-42BB-9376-F432B8E88840} = {9CCC2052-ABE3-46C4-9DA9-503365F05C97}
		{62FD8EED-BED2-4C3C-90C2-F94B55B82917} = {9CCC2052-ABE3-46C4-9DA9-503365F05C97}
		{E0E6DB36-09C3-40A2-A852-A9D37EFDB374} = {379C3451-CE89-40E9-8E88-8EDC9E888FD8}
		{97CC11A0-56E8-4DC9-AA23-E1B8925B1FE1} = {08BE3F56-F4E7-41D9-BBF1-14DC804B08A7}
	EndGlobalSection
EndGlobal
