
Microsoft Visual Studio Solution File, Format Version 12.00
# Visual Studio Version 16
VisualStudioVersion = 16.6.30114.105
MinimumVisualStudioVersion = 10.0.40219.1
Project("{2150E333-8FDC-42A3-9474-1A3956D46DE8}") = "src", "src", "{4D3AFB07-9FA4-4978-B999-BF2E8617901C}"
EndProject
Project("{2150E333-8FDC-42A3-9474-1A3956D46DE8}") = "protocol", "protocol", "{1AD35F79-0AD1-40C4-B62D-ABBF561D882B}"
EndProject
Project("{2150E333-8FDC-42A3-9474-1A3956D46DE8}") = "common", "common", "{2276DE48-1BFD-4DB9-B18B-07075E2A34B6}"
EndProject
Project("{2150E333-8FDC-42A3-9474-1A3956D46DE8}") = "app", "app", "{D3D3943E-7744-4592-B74B-A02FC9AE69E0}"
EndProject
Project("{FAE04EC0-301F-11D3-BF4B-00C04F79EFBC}") = "Edelstein.Protocol.Network", "src\protocol\Edelstein.Protocol.Network\Edelstein.Protocol.Network.csproj", "{ED481F16-A63D-4C69-BFED-74EF2EDBD6C7}"
EndProject
Project("{FAE04EC0-301F-11D3-BF4B-00C04F79EFBC}") = "Edelstein.Common.Network.DotNetty", "src\common\Edelstein.Common.Network.DotNetty\Edelstein.Common.Network.DotNetty.csproj", "{CA290B0B-30D0-4656-9140-CB9D56A43625}"
EndProject
Project("{FAE04EC0-301F-11D3-BF4B-00C04F79EFBC}") = "Tinystein", "src\app\Tinystein\Tinystein.csproj", "{76943982-793D-40EA-BF22-3F1BD71B77BF}"
EndProject
Project("{FAE04EC0-301F-11D3-BF4B-00C04F79EFBC}") = "Edelstein.Protocol.Interop", "src\protocol\Edelstein.Protocol.Interop\Edelstein.Protocol.Interop.csproj", "{7829D5B8-787F-472B-82BB-4991E1E53F6E}"
EndProject
Project("{FAE04EC0-301F-11D3-BF4B-00C04F79EFBC}") = "Edelstein.Protocol.Util", "src\protocol\Edelstein.Protocol.Util\Edelstein.Protocol.Util.csproj", "{7647DD81-4DBC-4A67-81D6-2894F3197A7C}"
EndProject
Project("{FAE04EC0-301F-11D3-BF4B-00C04F79EFBC}") = "Edelstein.Protocol.Gameplay", "src\protocol\Edelstein.Protocol.Gameplay\Edelstein.Protocol.Gameplay.csproj", "{543C1839-5803-4268-A0E4-EDE6CD483A6A}"
EndProject
Project("{FAE04EC0-301F-11D3-BF4B-00C04F79EFBC}") = "Edelstein.Protocol.Gameplay.Stages.Game", "src\protocol\Edelstein.Protocol.Gameplay.Stages.Game\Edelstein.Protocol.Gameplay.Stages.Game.csproj", "{6C2434C1-04AE-4AF6-89D5-A3724E5FE880}"
EndProject
Project("{FAE04EC0-301F-11D3-BF4B-00C04F79EFBC}") = "Edelstein.Protocol.Parser", "src\protocol\Edelstein.Protocol.Parser\Edelstein.Protocol.Parser.csproj", "{76DA8A88-28A9-4D29-AB7A-88D3F175F63D}"
EndProject
Project("{FAE04EC0-301F-11D3-BF4B-00C04F79EFBC}") = "Edelstein.Common.Parser.Duey", "src\common\Edelstein.Common.Parser.Duey\Edelstein.Common.Parser.Duey.csproj", "{E22AD517-F884-4F2F-9EB8-74406B073F2D}"
EndProject
Project("{FAE04EC0-301F-11D3-BF4B-00C04F79EFBC}") = "Edelstein.Common.Parser.reWZ", "src\common\Edelstein.Common.Parser.reWZ\Edelstein.Common.Parser.reWZ.csproj", "{77225C01-B99D-4C7D-897E-18D8F9BA6020}"
EndProject
Project("{FAE04EC0-301F-11D3-BF4B-00C04F79EFBC}") = "Edelstein.Protocol.Gameplay.Stages.Login", "src\protocol\Edelstein.Protocol.Gameplay.Stages.Login\Edelstein.Protocol.Gameplay.Stages.Login.csproj", "{49CCB52E-DE84-4C3A-B389-C05937683A47}"
EndProject
Project("{FAE04EC0-301F-11D3-BF4B-00C04F79EFBC}") = "Edelstein.Protocol.Datastore", "src\protocol\Edelstein.Protocol.Datastore\Edelstein.Protocol.Datastore.csproj", "{C46E61A5-D96C-4803-9100-A73385D920FA}"
EndProject
Project("{FAE04EC0-301F-11D3-BF4B-00C04F79EFBC}") = "Edelstein.Common.Datastore.Marten", "src\common\Edelstein.Common.Datastore.Marten\Edelstein.Common.Datastore.Marten.csproj", "{958348AF-2743-43FD-BF61-AA714B5855BA}"
EndProject
Project("{FAE04EC0-301F-11D3-BF4B-00C04F79EFBC}") = "Edelstein.Common.Datastore.LiteDB", "src\common\Edelstein.Common.Datastore.LiteDB\Edelstein.Common.Datastore.LiteDB.csproj", "{C6756AD7-DF47-49BB-BEF5-D0D688C24E91}"
EndProject
Project("{FAE04EC0-301F-11D3-BF4B-00C04F79EFBC}") = "Edelstein.Protocol.Scripting", "src\protocol\Edelstein.Protocol.Scripting\Edelstein.Protocol.Scripting.csproj", "{F6CFDE89-A40D-42B2-9C57-2104F066BC80}"
EndProject
Project("{FAE04EC0-301F-11D3-BF4B-00C04F79EFBC}") = "Edelstein.Common.Scripting.NLua", "src\common\Edelstein.Common.Scripting.NLua\Edelstein.Common.Scripting.NLua.csproj", "{A77C7B6B-961D-424D-A11C-ED03B3378986}"
EndProject
Project("{FAE04EC0-301F-11D3-BF4B-00C04F79EFBC}") = "Edelstein.Common.Gameplay", "src\common\Edelstein.Common.Gameplay\Edelstein.Common.Gameplay.csproj", "{A417B1EB-9896-4161-84EC-BFD6F07BDAE9}"
EndProject
Project("{FAE04EC0-301F-11D3-BF4B-00C04F79EFBC}") = "Edelstein.Common.Util", "src\common\Edelstein.Common.Util\Edelstein.Common.Util.csproj", "{ED60B44D-5975-40D7-860A-BB8301C5D817}"
EndProject
Project("{FAE04EC0-301F-11D3-BF4B-00C04F79EFBC}") = "Edelstein.Common.Interop", "src\common\Edelstein.Common.Interop\Edelstein.Common.Interop.csproj", "{5C9C94C2-0080-4641-8301-E704E21C96E2}"
EndProject
Project("{FAE04EC0-301F-11D3-BF4B-00C04F79EFBC}") = "Edelstein.Protocol.Caching", "src\protocol\Edelstein.Protocol.Caching\Edelstein.Protocol.Caching.csproj", "{D0A7429D-83B7-45F1-80A2-85A68E154D7B}"
EndProject
Project("{FAE04EC0-301F-11D3-BF4B-00C04F79EFBC}") = "Edelstein.Common.Caching", "src\common\Edelstein.Common.Caching.Serializer.Json\Edelstein.Common.Caching.csproj", "{16192D9D-E69C-4BC9-BA30-BB1CA2680620}"
EndProject
Global
	GlobalSection(SolutionConfigurationPlatforms) = preSolution
		Debug|Any CPU = Debug|Any CPU
		Debug|x64 = Debug|x64
		Debug|x86 = Debug|x86
		Release|Any CPU = Release|Any CPU
		Release|x64 = Release|x64
		Release|x86 = Release|x86
	EndGlobalSection
	GlobalSection(SolutionProperties) = preSolution
		HideSolutionNode = FALSE
	EndGlobalSection
	GlobalSection(ProjectConfigurationPlatforms) = postSolution
		{ED481F16-A63D-4C69-BFED-74EF2EDBD6C7}.Debug|Any CPU.ActiveCfg = Debug|Any CPU
		{ED481F16-A63D-4C69-BFED-74EF2EDBD6C7}.Debug|Any CPU.Build.0 = Debug|Any CPU
		{ED481F16-A63D-4C69-BFED-74EF2EDBD6C7}.Debug|x64.ActiveCfg = Debug|Any CPU
		{ED481F16-A63D-4C69-BFED-74EF2EDBD6C7}.Debug|x64.Build.0 = Debug|Any CPU
		{ED481F16-A63D-4C69-BFED-74EF2EDBD6C7}.Debug|x86.ActiveCfg = Debug|Any CPU
		{ED481F16-A63D-4C69-BFED-74EF2EDBD6C7}.Debug|x86.Build.0 = Debug|Any CPU
		{ED481F16-A63D-4C69-BFED-74EF2EDBD6C7}.Release|Any CPU.ActiveCfg = Release|Any CPU
		{ED481F16-A63D-4C69-BFED-74EF2EDBD6C7}.Release|Any CPU.Build.0 = Release|Any CPU
		{ED481F16-A63D-4C69-BFED-74EF2EDBD6C7}.Release|x64.ActiveCfg = Release|Any CPU
		{ED481F16-A63D-4C69-BFED-74EF2EDBD6C7}.Release|x64.Build.0 = Release|Any CPU
		{ED481F16-A63D-4C69-BFED-74EF2EDBD6C7}.Release|x86.ActiveCfg = Release|Any CPU
		{ED481F16-A63D-4C69-BFED-74EF2EDBD6C7}.Release|x86.Build.0 = Release|Any CPU
		{CA290B0B-30D0-4656-9140-CB9D56A43625}.Debug|Any CPU.ActiveCfg = Debug|Any CPU
		{CA290B0B-30D0-4656-9140-CB9D56A43625}.Debug|Any CPU.Build.0 = Debug|Any CPU
		{CA290B0B-30D0-4656-9140-CB9D56A43625}.Debug|x64.ActiveCfg = Debug|Any CPU
		{CA290B0B-30D0-4656-9140-CB9D56A43625}.Debug|x64.Build.0 = Debug|Any CPU
		{CA290B0B-30D0-4656-9140-CB9D56A43625}.Debug|x86.ActiveCfg = Debug|Any CPU
		{CA290B0B-30D0-4656-9140-CB9D56A43625}.Debug|x86.Build.0 = Debug|Any CPU
		{CA290B0B-30D0-4656-9140-CB9D56A43625}.Release|Any CPU.ActiveCfg = Release|Any CPU
		{CA290B0B-30D0-4656-9140-CB9D56A43625}.Release|Any CPU.Build.0 = Release|Any CPU
		{CA290B0B-30D0-4656-9140-CB9D56A43625}.Release|x64.ActiveCfg = Release|Any CPU
		{CA290B0B-30D0-4656-9140-CB9D56A43625}.Release|x64.Build.0 = Release|Any CPU
		{CA290B0B-30D0-4656-9140-CB9D56A43625}.Release|x86.ActiveCfg = Release|Any CPU
		{CA290B0B-30D0-4656-9140-CB9D56A43625}.Release|x86.Build.0 = Release|Any CPU
		{76943982-793D-40EA-BF22-3F1BD71B77BF}.Debug|Any CPU.ActiveCfg = Debug|Any CPU
		{76943982-793D-40EA-BF22-3F1BD71B77BF}.Debug|Any CPU.Build.0 = Debug|Any CPU
		{76943982-793D-40EA-BF22-3F1BD71B77BF}.Debug|x64.ActiveCfg = Debug|Any CPU
		{76943982-793D-40EA-BF22-3F1BD71B77BF}.Debug|x64.Build.0 = Debug|Any CPU
		{76943982-793D-40EA-BF22-3F1BD71B77BF}.Debug|x86.ActiveCfg = Debug|Any CPU
		{76943982-793D-40EA-BF22-3F1BD71B77BF}.Debug|x86.Build.0 = Debug|Any CPU
		{76943982-793D-40EA-BF22-3F1BD71B77BF}.Release|Any CPU.ActiveCfg = Release|Any CPU
		{76943982-793D-40EA-BF22-3F1BD71B77BF}.Release|Any CPU.Build.0 = Release|Any CPU
		{76943982-793D-40EA-BF22-3F1BD71B77BF}.Release|x64.ActiveCfg = Release|Any CPU
		{76943982-793D-40EA-BF22-3F1BD71B77BF}.Release|x64.Build.0 = Release|Any CPU
		{76943982-793D-40EA-BF22-3F1BD71B77BF}.Release|x86.ActiveCfg = Release|Any CPU
		{76943982-793D-40EA-BF22-3F1BD71B77BF}.Release|x86.Build.0 = Release|Any CPU
		{7829D5B8-787F-472B-82BB-4991E1E53F6E}.Debug|Any CPU.ActiveCfg = Debug|Any CPU
		{7829D5B8-787F-472B-82BB-4991E1E53F6E}.Debug|Any CPU.Build.0 = Debug|Any CPU
		{7829D5B8-787F-472B-82BB-4991E1E53F6E}.Debug|x64.ActiveCfg = Debug|Any CPU
		{7829D5B8-787F-472B-82BB-4991E1E53F6E}.Debug|x64.Build.0 = Debug|Any CPU
		{7829D5B8-787F-472B-82BB-4991E1E53F6E}.Debug|x86.ActiveCfg = Debug|Any CPU
		{7829D5B8-787F-472B-82BB-4991E1E53F6E}.Debug|x86.Build.0 = Debug|Any CPU
		{7829D5B8-787F-472B-82BB-4991E1E53F6E}.Release|Any CPU.ActiveCfg = Release|Any CPU
		{7829D5B8-787F-472B-82BB-4991E1E53F6E}.Release|Any CPU.Build.0 = Release|Any CPU
		{7829D5B8-787F-472B-82BB-4991E1E53F6E}.Release|x64.ActiveCfg = Release|Any CPU
		{7829D5B8-787F-472B-82BB-4991E1E53F6E}.Release|x64.Build.0 = Release|Any CPU
		{7829D5B8-787F-472B-82BB-4991E1E53F6E}.Release|x86.ActiveCfg = Release|Any CPU
		{7829D5B8-787F-472B-82BB-4991E1E53F6E}.Release|x86.Build.0 = Release|Any CPU
		{7647DD81-4DBC-4A67-81D6-2894F3197A7C}.Debug|Any CPU.ActiveCfg = Debug|Any CPU
		{7647DD81-4DBC-4A67-81D6-2894F3197A7C}.Debug|Any CPU.Build.0 = Debug|Any CPU
		{7647DD81-4DBC-4A67-81D6-2894F3197A7C}.Debug|x64.ActiveCfg = Debug|Any CPU
		{7647DD81-4DBC-4A67-81D6-2894F3197A7C}.Debug|x64.Build.0 = Debug|Any CPU
		{7647DD81-4DBC-4A67-81D6-2894F3197A7C}.Debug|x86.ActiveCfg = Debug|Any CPU
		{7647DD81-4DBC-4A67-81D6-2894F3197A7C}.Debug|x86.Build.0 = Debug|Any CPU
		{7647DD81-4DBC-4A67-81D6-2894F3197A7C}.Release|Any CPU.ActiveCfg = Release|Any CPU
		{7647DD81-4DBC-4A67-81D6-2894F3197A7C}.Release|Any CPU.Build.0 = Release|Any CPU
		{7647DD81-4DBC-4A67-81D6-2894F3197A7C}.Release|x64.ActiveCfg = Release|Any CPU
		{7647DD81-4DBC-4A67-81D6-2894F3197A7C}.Release|x64.Build.0 = Release|Any CPU
		{7647DD81-4DBC-4A67-81D6-2894F3197A7C}.Release|x86.ActiveCfg = Release|Any CPU
		{7647DD81-4DBC-4A67-81D6-2894F3197A7C}.Release|x86.Build.0 = Release|Any CPU
		{543C1839-5803-4268-A0E4-EDE6CD483A6A}.Debug|Any CPU.ActiveCfg = Debug|Any CPU
		{543C1839-5803-4268-A0E4-EDE6CD483A6A}.Debug|Any CPU.Build.0 = Debug|Any CPU
		{543C1839-5803-4268-A0E4-EDE6CD483A6A}.Debug|x64.ActiveCfg = Debug|Any CPU
		{543C1839-5803-4268-A0E4-EDE6CD483A6A}.Debug|x64.Build.0 = Debug|Any CPU
		{543C1839-5803-4268-A0E4-EDE6CD483A6A}.Debug|x86.ActiveCfg = Debug|Any CPU
		{543C1839-5803-4268-A0E4-EDE6CD483A6A}.Debug|x86.Build.0 = Debug|Any CPU
		{543C1839-5803-4268-A0E4-EDE6CD483A6A}.Release|Any CPU.ActiveCfg = Release|Any CPU
		{543C1839-5803-4268-A0E4-EDE6CD483A6A}.Release|Any CPU.Build.0 = Release|Any CPU
		{543C1839-5803-4268-A0E4-EDE6CD483A6A}.Release|x64.ActiveCfg = Release|Any CPU
		{543C1839-5803-4268-A0E4-EDE6CD483A6A}.Release|x64.Build.0 = Release|Any CPU
		{543C1839-5803-4268-A0E4-EDE6CD483A6A}.Release|x86.ActiveCfg = Release|Any CPU
		{543C1839-5803-4268-A0E4-EDE6CD483A6A}.Release|x86.Build.0 = Release|Any CPU
		{6C2434C1-04AE-4AF6-89D5-A3724E5FE880}.Debug|Any CPU.ActiveCfg = Debug|Any CPU
		{6C2434C1-04AE-4AF6-89D5-A3724E5FE880}.Debug|Any CPU.Build.0 = Debug|Any CPU
		{6C2434C1-04AE-4AF6-89D5-A3724E5FE880}.Debug|x64.ActiveCfg = Debug|Any CPU
		{6C2434C1-04AE-4AF6-89D5-A3724E5FE880}.Debug|x64.Build.0 = Debug|Any CPU
		{6C2434C1-04AE-4AF6-89D5-A3724E5FE880}.Debug|x86.ActiveCfg = Debug|Any CPU
		{6C2434C1-04AE-4AF6-89D5-A3724E5FE880}.Debug|x86.Build.0 = Debug|Any CPU
		{6C2434C1-04AE-4AF6-89D5-A3724E5FE880}.Release|Any CPU.ActiveCfg = Release|Any CPU
		{6C2434C1-04AE-4AF6-89D5-A3724E5FE880}.Release|Any CPU.Build.0 = Release|Any CPU
		{6C2434C1-04AE-4AF6-89D5-A3724E5FE880}.Release|x64.ActiveCfg = Release|Any CPU
		{6C2434C1-04AE-4AF6-89D5-A3724E5FE880}.Release|x64.Build.0 = Release|Any CPU
		{6C2434C1-04AE-4AF6-89D5-A3724E5FE880}.Release|x86.ActiveCfg = Release|Any CPU
		{6C2434C1-04AE-4AF6-89D5-A3724E5FE880}.Release|x86.Build.0 = Release|Any CPU
		{76DA8A88-28A9-4D29-AB7A-88D3F175F63D}.Debug|Any CPU.ActiveCfg = Debug|Any CPU
		{76DA8A88-28A9-4D29-AB7A-88D3F175F63D}.Debug|Any CPU.Build.0 = Debug|Any CPU
		{76DA8A88-28A9-4D29-AB7A-88D3F175F63D}.Debug|x64.ActiveCfg = Debug|Any CPU
		{76DA8A88-28A9-4D29-AB7A-88D3F175F63D}.Debug|x64.Build.0 = Debug|Any CPU
		{76DA8A88-28A9-4D29-AB7A-88D3F175F63D}.Debug|x86.ActiveCfg = Debug|Any CPU
		{76DA8A88-28A9-4D29-AB7A-88D3F175F63D}.Debug|x86.Build.0 = Debug|Any CPU
		{76DA8A88-28A9-4D29-AB7A-88D3F175F63D}.Release|Any CPU.ActiveCfg = Release|Any CPU
		{76DA8A88-28A9-4D29-AB7A-88D3F175F63D}.Release|Any CPU.Build.0 = Release|Any CPU
		{76DA8A88-28A9-4D29-AB7A-88D3F175F63D}.Release|x64.ActiveCfg = Release|Any CPU
		{76DA8A88-28A9-4D29-AB7A-88D3F175F63D}.Release|x64.Build.0 = Release|Any CPU
		{76DA8A88-28A9-4D29-AB7A-88D3F175F63D}.Release|x86.ActiveCfg = Release|Any CPU
		{76DA8A88-28A9-4D29-AB7A-88D3F175F63D}.Release|x86.Build.0 = Release|Any CPU
		{E22AD517-F884-4F2F-9EB8-74406B073F2D}.Debug|Any CPU.ActiveCfg = Debug|Any CPU
		{E22AD517-F884-4F2F-9EB8-74406B073F2D}.Debug|Any CPU.Build.0 = Debug|Any CPU
		{E22AD517-F884-4F2F-9EB8-74406B073F2D}.Debug|x64.ActiveCfg = Debug|Any CPU
		{E22AD517-F884-4F2F-9EB8-74406B073F2D}.Debug|x64.Build.0 = Debug|Any CPU
		{E22AD517-F884-4F2F-9EB8-74406B073F2D}.Debug|x86.ActiveCfg = Debug|Any CPU
		{E22AD517-F884-4F2F-9EB8-74406B073F2D}.Debug|x86.Build.0 = Debug|Any CPU
		{E22AD517-F884-4F2F-9EB8-74406B073F2D}.Release|Any CPU.ActiveCfg = Release|Any CPU
		{E22AD517-F884-4F2F-9EB8-74406B073F2D}.Release|Any CPU.Build.0 = Release|Any CPU
		{E22AD517-F884-4F2F-9EB8-74406B073F2D}.Release|x64.ActiveCfg = Release|Any CPU
		{E22AD517-F884-4F2F-9EB8-74406B073F2D}.Release|x64.Build.0 = Release|Any CPU
		{E22AD517-F884-4F2F-9EB8-74406B073F2D}.Release|x86.ActiveCfg = Release|Any CPU
		{E22AD517-F884-4F2F-9EB8-74406B073F2D}.Release|x86.Build.0 = Release|Any CPU
		{77225C01-B99D-4C7D-897E-18D8F9BA6020}.Debug|Any CPU.ActiveCfg = Debug|Any CPU
		{77225C01-B99D-4C7D-897E-18D8F9BA6020}.Debug|Any CPU.Build.0 = Debug|Any CPU
		{77225C01-B99D-4C7D-897E-18D8F9BA6020}.Debug|x64.ActiveCfg = Debug|Any CPU
		{77225C01-B99D-4C7D-897E-18D8F9BA6020}.Debug|x64.Build.0 = Debug|Any CPU
		{77225C01-B99D-4C7D-897E-18D8F9BA6020}.Debug|x86.ActiveCfg = Debug|Any CPU
		{77225C01-B99D-4C7D-897E-18D8F9BA6020}.Debug|x86.Build.0 = Debug|Any CPU
		{77225C01-B99D-4C7D-897E-18D8F9BA6020}.Release|Any CPU.ActiveCfg = Release|Any CPU
		{77225C01-B99D-4C7D-897E-18D8F9BA6020}.Release|Any CPU.Build.0 = Release|Any CPU
		{77225C01-B99D-4C7D-897E-18D8F9BA6020}.Release|x64.ActiveCfg = Release|Any CPU
		{77225C01-B99D-4C7D-897E-18D8F9BA6020}.Release|x64.Build.0 = Release|Any CPU
		{77225C01-B99D-4C7D-897E-18D8F9BA6020}.Release|x86.ActiveCfg = Release|Any CPU
		{77225C01-B99D-4C7D-897E-18D8F9BA6020}.Release|x86.Build.0 = Release|Any CPU
		{49CCB52E-DE84-4C3A-B389-C05937683A47}.Debug|Any CPU.ActiveCfg = Debug|Any CPU
		{49CCB52E-DE84-4C3A-B389-C05937683A47}.Debug|Any CPU.Build.0 = Debug|Any CPU
		{49CCB52E-DE84-4C3A-B389-C05937683A47}.Debug|x64.ActiveCfg = Debug|Any CPU
		{49CCB52E-DE84-4C3A-B389-C05937683A47}.Debug|x64.Build.0 = Debug|Any CPU
		{49CCB52E-DE84-4C3A-B389-C05937683A47}.Debug|x86.ActiveCfg = Debug|Any CPU
		{49CCB52E-DE84-4C3A-B389-C05937683A47}.Debug|x86.Build.0 = Debug|Any CPU
		{49CCB52E-DE84-4C3A-B389-C05937683A47}.Release|Any CPU.ActiveCfg = Release|Any CPU
		{49CCB52E-DE84-4C3A-B389-C05937683A47}.Release|Any CPU.Build.0 = Release|Any CPU
		{49CCB52E-DE84-4C3A-B389-C05937683A47}.Release|x64.ActiveCfg = Release|Any CPU
		{49CCB52E-DE84-4C3A-B389-C05937683A47}.Release|x64.Build.0 = Release|Any CPU
		{49CCB52E-DE84-4C3A-B389-C05937683A47}.Release|x86.ActiveCfg = Release|Any CPU
		{49CCB52E-DE84-4C3A-B389-C05937683A47}.Release|x86.Build.0 = Release|Any CPU
		{C46E61A5-D96C-4803-9100-A73385D920FA}.Debug|Any CPU.ActiveCfg = Debug|Any CPU
		{C46E61A5-D96C-4803-9100-A73385D920FA}.Debug|Any CPU.Build.0 = Debug|Any CPU
		{C46E61A5-D96C-4803-9100-A73385D920FA}.Debug|x64.ActiveCfg = Debug|Any CPU
		{C46E61A5-D96C-4803-9100-A73385D920FA}.Debug|x64.Build.0 = Debug|Any CPU
		{C46E61A5-D96C-4803-9100-A73385D920FA}.Debug|x86.ActiveCfg = Debug|Any CPU
		{C46E61A5-D96C-4803-9100-A73385D920FA}.Debug|x86.Build.0 = Debug|Any CPU
		{C46E61A5-D96C-4803-9100-A73385D920FA}.Release|Any CPU.ActiveCfg = Release|Any CPU
		{C46E61A5-D96C-4803-9100-A73385D920FA}.Release|Any CPU.Build.0 = Release|Any CPU
		{C46E61A5-D96C-4803-9100-A73385D920FA}.Release|x64.ActiveCfg = Release|Any CPU
		{C46E61A5-D96C-4803-9100-A73385D920FA}.Release|x64.Build.0 = Release|Any CPU
		{C46E61A5-D96C-4803-9100-A73385D920FA}.Release|x86.ActiveCfg = Release|Any CPU
		{C46E61A5-D96C-4803-9100-A73385D920FA}.Release|x86.Build.0 = Release|Any CPU
		{958348AF-2743-43FD-BF61-AA714B5855BA}.Debug|Any CPU.ActiveCfg = Debug|Any CPU
		{958348AF-2743-43FD-BF61-AA714B5855BA}.Debug|Any CPU.Build.0 = Debug|Any CPU
		{958348AF-2743-43FD-BF61-AA714B5855BA}.Debug|x64.ActiveCfg = Debug|Any CPU
		{958348AF-2743-43FD-BF61-AA714B5855BA}.Debug|x64.Build.0 = Debug|Any CPU
		{958348AF-2743-43FD-BF61-AA714B5855BA}.Debug|x86.ActiveCfg = Debug|Any CPU
		{958348AF-2743-43FD-BF61-AA714B5855BA}.Debug|x86.Build.0 = Debug|Any CPU
		{958348AF-2743-43FD-BF61-AA714B5855BA}.Release|Any CPU.ActiveCfg = Release|Any CPU
		{958348AF-2743-43FD-BF61-AA714B5855BA}.Release|Any CPU.Build.0 = Release|Any CPU
		{958348AF-2743-43FD-BF61-AA714B5855BA}.Release|x64.ActiveCfg = Release|Any CPU
		{958348AF-2743-43FD-BF61-AA714B5855BA}.Release|x64.Build.0 = Release|Any CPU
		{958348AF-2743-43FD-BF61-AA714B5855BA}.Release|x86.ActiveCfg = Release|Any CPU
		{958348AF-2743-43FD-BF61-AA714B5855BA}.Release|x86.Build.0 = Release|Any CPU
		{C6756AD7-DF47-49BB-BEF5-D0D688C24E91}.Debug|Any CPU.ActiveCfg = Debug|Any CPU
		{C6756AD7-DF47-49BB-BEF5-D0D688C24E91}.Debug|Any CPU.Build.0 = Debug|Any CPU
		{C6756AD7-DF47-49BB-BEF5-D0D688C24E91}.Debug|x64.ActiveCfg = Debug|Any CPU
		{C6756AD7-DF47-49BB-BEF5-D0D688C24E91}.Debug|x64.Build.0 = Debug|Any CPU
		{C6756AD7-DF47-49BB-BEF5-D0D688C24E91}.Debug|x86.ActiveCfg = Debug|Any CPU
		{C6756AD7-DF47-49BB-BEF5-D0D688C24E91}.Debug|x86.Build.0 = Debug|Any CPU
		{C6756AD7-DF47-49BB-BEF5-D0D688C24E91}.Release|Any CPU.ActiveCfg = Release|Any CPU
		{C6756AD7-DF47-49BB-BEF5-D0D688C24E91}.Release|Any CPU.Build.0 = Release|Any CPU
		{C6756AD7-DF47-49BB-BEF5-D0D688C24E91}.Release|x64.ActiveCfg = Release|Any CPU
		{C6756AD7-DF47-49BB-BEF5-D0D688C24E91}.Release|x64.Build.0 = Release|Any CPU
		{C6756AD7-DF47-49BB-BEF5-D0D688C24E91}.Release|x86.ActiveCfg = Release|Any CPU
		{C6756AD7-DF47-49BB-BEF5-D0D688C24E91}.Release|x86.Build.0 = Release|Any CPU
		{F6CFDE89-A40D-42B2-9C57-2104F066BC80}.Debug|Any CPU.ActiveCfg = Debug|Any CPU
		{F6CFDE89-A40D-42B2-9C57-2104F066BC80}.Debug|Any CPU.Build.0 = Debug|Any CPU
		{F6CFDE89-A40D-42B2-9C57-2104F066BC80}.Debug|x64.ActiveCfg = Debug|Any CPU
		{F6CFDE89-A40D-42B2-9C57-2104F066BC80}.Debug|x64.Build.0 = Debug|Any CPU
		{F6CFDE89-A40D-42B2-9C57-2104F066BC80}.Debug|x86.ActiveCfg = Debug|Any CPU
		{F6CFDE89-A40D-42B2-9C57-2104F066BC80}.Debug|x86.Build.0 = Debug|Any CPU
		{F6CFDE89-A40D-42B2-9C57-2104F066BC80}.Release|Any CPU.ActiveCfg = Release|Any CPU
		{F6CFDE89-A40D-42B2-9C57-2104F066BC80}.Release|Any CPU.Build.0 = Release|Any CPU
		{F6CFDE89-A40D-42B2-9C57-2104F066BC80}.Release|x64.ActiveCfg = Release|Any CPU
		{F6CFDE89-A40D-42B2-9C57-2104F066BC80}.Release|x64.Build.0 = Release|Any CPU
		{F6CFDE89-A40D-42B2-9C57-2104F066BC80}.Release|x86.ActiveCfg = Release|Any CPU
		{F6CFDE89-A40D-42B2-9C57-2104F066BC80}.Release|x86.Build.0 = Release|Any CPU
		{A77C7B6B-961D-424D-A11C-ED03B3378986}.Debug|Any CPU.ActiveCfg = Debug|Any CPU
		{A77C7B6B-961D-424D-A11C-ED03B3378986}.Debug|Any CPU.Build.0 = Debug|Any CPU
		{A77C7B6B-961D-424D-A11C-ED03B3378986}.Debug|x64.ActiveCfg = Debug|Any CPU
		{A77C7B6B-961D-424D-A11C-ED03B3378986}.Debug|x64.Build.0 = Debug|Any CPU
		{A77C7B6B-961D-424D-A11C-ED03B3378986}.Debug|x86.ActiveCfg = Debug|Any CPU
		{A77C7B6B-961D-424D-A11C-ED03B3378986}.Debug|x86.Build.0 = Debug|Any CPU
		{A77C7B6B-961D-424D-A11C-ED03B3378986}.Release|Any CPU.ActiveCfg = Release|Any CPU
		{A77C7B6B-961D-424D-A11C-ED03B3378986}.Release|Any CPU.Build.0 = Release|Any CPU
		{A77C7B6B-961D-424D-A11C-ED03B3378986}.Release|x64.ActiveCfg = Release|Any CPU
		{A77C7B6B-961D-424D-A11C-ED03B3378986}.Release|x64.Build.0 = Release|Any CPU
		{A77C7B6B-961D-424D-A11C-ED03B3378986}.Release|x86.ActiveCfg = Release|Any CPU
		{A77C7B6B-961D-424D-A11C-ED03B3378986}.Release|x86.Build.0 = Release|Any CPU
		{A417B1EB-9896-4161-84EC-BFD6F07BDAE9}.Debug|Any CPU.ActiveCfg = Debug|Any CPU
		{A417B1EB-9896-4161-84EC-BFD6F07BDAE9}.Debug|Any CPU.Build.0 = Debug|Any CPU
		{A417B1EB-9896-4161-84EC-BFD6F07BDAE9}.Debug|x64.ActiveCfg = Debug|Any CPU
		{A417B1EB-9896-4161-84EC-BFD6F07BDAE9}.Debug|x64.Build.0 = Debug|Any CPU
		{A417B1EB-9896-4161-84EC-BFD6F07BDAE9}.Debug|x86.ActiveCfg = Debug|Any CPU
		{A417B1EB-9896-4161-84EC-BFD6F07BDAE9}.Debug|x86.Build.0 = Debug|Any CPU
		{A417B1EB-9896-4161-84EC-BFD6F07BDAE9}.Release|Any CPU.ActiveCfg = Release|Any CPU
		{A417B1EB-9896-4161-84EC-BFD6F07BDAE9}.Release|Any CPU.Build.0 = Release|Any CPU
		{A417B1EB-9896-4161-84EC-BFD6F07BDAE9}.Release|x64.ActiveCfg = Release|Any CPU
		{A417B1EB-9896-4161-84EC-BFD6F07BDAE9}.Release|x64.Build.0 = Release|Any CPU
		{A417B1EB-9896-4161-84EC-BFD6F07BDAE9}.Release|x86.ActiveCfg = Release|Any CPU
		{A417B1EB-9896-4161-84EC-BFD6F07BDAE9}.Release|x86.Build.0 = Release|Any CPU
		{ED60B44D-5975-40D7-860A-BB8301C5D817}.Debug|Any CPU.ActiveCfg = Debug|Any CPU
		{ED60B44D-5975-40D7-860A-BB8301C5D817}.Debug|Any CPU.Build.0 = Debug|Any CPU
		{ED60B44D-5975-40D7-860A-BB8301C5D817}.Debug|x64.ActiveCfg = Debug|Any CPU
		{ED60B44D-5975-40D7-860A-BB8301C5D817}.Debug|x64.Build.0 = Debug|Any CPU
		{ED60B44D-5975-40D7-860A-BB8301C5D817}.Debug|x86.ActiveCfg = Debug|Any CPU
		{ED60B44D-5975-40D7-860A-BB8301C5D817}.Debug|x86.Build.0 = Debug|Any CPU
		{ED60B44D-5975-40D7-860A-BB8301C5D817}.Release|Any CPU.ActiveCfg = Release|Any CPU
		{ED60B44D-5975-40D7-860A-BB8301C5D817}.Release|Any CPU.Build.0 = Release|Any CPU
		{ED60B44D-5975-40D7-860A-BB8301C5D817}.Release|x64.ActiveCfg = Release|Any CPU
		{ED60B44D-5975-40D7-860A-BB8301C5D817}.Release|x64.Build.0 = Release|Any CPU
		{ED60B44D-5975-40D7-860A-BB8301C5D817}.Release|x86.ActiveCfg = Release|Any CPU
		{ED60B44D-5975-40D7-860A-BB8301C5D817}.Release|x86.Build.0 = Release|Any CPU
		{5C9C94C2-0080-4641-8301-E704E21C96E2}.Debug|Any CPU.ActiveCfg = Debug|Any CPU
		{5C9C94C2-0080-4641-8301-E704E21C96E2}.Debug|Any CPU.Build.0 = Debug|Any CPU
		{5C9C94C2-0080-4641-8301-E704E21C96E2}.Debug|x64.ActiveCfg = Debug|Any CPU
		{5C9C94C2-0080-4641-8301-E704E21C96E2}.Debug|x64.Build.0 = Debug|Any CPU
		{5C9C94C2-0080-4641-8301-E704E21C96E2}.Debug|x86.ActiveCfg = Debug|Any CPU
		{5C9C94C2-0080-4641-8301-E704E21C96E2}.Debug|x86.Build.0 = Debug|Any CPU
		{5C9C94C2-0080-4641-8301-E704E21C96E2}.Release|Any CPU.ActiveCfg = Release|Any CPU
		{5C9C94C2-0080-4641-8301-E704E21C96E2}.Release|Any CPU.Build.0 = Release|Any CPU
		{5C9C94C2-0080-4641-8301-E704E21C96E2}.Release|x64.ActiveCfg = Release|Any CPU
		{5C9C94C2-0080-4641-8301-E704E21C96E2}.Release|x64.Build.0 = Release|Any CPU
		{5C9C94C2-0080-4641-8301-E704E21C96E2}.Release|x86.ActiveCfg = Release|Any CPU
		{5C9C94C2-0080-4641-8301-E704E21C96E2}.Release|x86.Build.0 = Release|Any CPU
		{D0A7429D-83B7-45F1-80A2-85A68E154D7B}.Debug|Any CPU.ActiveCfg = Debug|Any CPU
		{D0A7429D-83B7-45F1-80A2-85A68E154D7B}.Debug|Any CPU.Build.0 = Debug|Any CPU
		{D0A7429D-83B7-45F1-80A2-85A68E154D7B}.Debug|x64.ActiveCfg = Debug|Any CPU
		{D0A7429D-83B7-45F1-80A2-85A68E154D7B}.Debug|x64.Build.0 = Debug|Any CPU
		{D0A7429D-83B7-45F1-80A2-85A68E154D7B}.Debug|x86.ActiveCfg = Debug|Any CPU
		{D0A7429D-83B7-45F1-80A2-85A68E154D7B}.Debug|x86.Build.0 = Debug|Any CPU
		{D0A7429D-83B7-45F1-80A2-85A68E154D7B}.Release|Any CPU.ActiveCfg = Release|Any CPU
		{D0A7429D-83B7-45F1-80A2-85A68E154D7B}.Release|Any CPU.Build.0 = Release|Any CPU
		{D0A7429D-83B7-45F1-80A2-85A68E154D7B}.Release|x64.ActiveCfg = Release|Any CPU
		{D0A7429D-83B7-45F1-80A2-85A68E154D7B}.Release|x64.Build.0 = Release|Any CPU
		{D0A7429D-83B7-45F1-80A2-85A68E154D7B}.Release|x86.ActiveCfg = Release|Any CPU
		{D0A7429D-83B7-45F1-80A2-85A68E154D7B}.Release|x86.Build.0 = Release|Any CPU
		{16192D9D-E69C-4BC9-BA30-BB1CA2680620}.Debug|Any CPU.ActiveCfg = Debug|Any CPU
		{16192D9D-E69C-4BC9-BA30-BB1CA2680620}.Debug|Any CPU.Build.0 = Debug|Any CPU
		{16192D9D-E69C-4BC9-BA30-BB1CA2680620}.Debug|x64.ActiveCfg = Debug|Any CPU
		{16192D9D-E69C-4BC9-BA30-BB1CA2680620}.Debug|x64.Build.0 = Debug|Any CPU
		{16192D9D-E69C-4BC9-BA30-BB1CA2680620}.Debug|x86.ActiveCfg = Debug|Any CPU
		{16192D9D-E69C-4BC9-BA30-BB1CA2680620}.Debug|x86.Build.0 = Debug|Any CPU
		{16192D9D-E69C-4BC9-BA30-BB1CA2680620}.Release|Any CPU.ActiveCfg = Release|Any CPU
		{16192D9D-E69C-4BC9-BA30-BB1CA2680620}.Release|Any CPU.Build.0 = Release|Any CPU
		{16192D9D-E69C-4BC9-BA30-BB1CA2680620}.Release|x64.ActiveCfg = Release|Any CPU
		{16192D9D-E69C-4BC9-BA30-BB1CA2680620}.Release|x64.Build.0 = Release|Any CPU
		{16192D9D-E69C-4BC9-BA30-BB1CA2680620}.Release|x86.ActiveCfg = Release|Any CPU
		{16192D9D-E69C-4BC9-BA30-BB1CA2680620}.Release|x86.Build.0 = Release|Any CPU
	EndGlobalSection
	GlobalSection(NestedProjects) = preSolution
		{1AD35F79-0AD1-40C4-B62D-ABBF561D882B} = {4D3AFB07-9FA4-4978-B999-BF2E8617901C}
		{2276DE48-1BFD-4DB9-B18B-07075E2A34B6} = {4D3AFB07-9FA4-4978-B999-BF2E8617901C}
		{D3D3943E-7744-4592-B74B-A02FC9AE69E0} = {4D3AFB07-9FA4-4978-B999-BF2E8617901C}
		{ED481F16-A63D-4C69-BFED-74EF2EDBD6C7} = {1AD35F79-0AD1-40C4-B62D-ABBF561D882B}
		{CA290B0B-30D0-4656-9140-CB9D56A43625} = {2276DE48-1BFD-4DB9-B18B-07075E2A34B6}
		{76943982-793D-40EA-BF22-3F1BD71B77BF} = {D3D3943E-7744-4592-B74B-A02FC9AE69E0}
		{7829D5B8-787F-472B-82BB-4991E1E53F6E} = {1AD35F79-0AD1-40C4-B62D-ABBF561D882B}
		{7647DD81-4DBC-4A67-81D6-2894F3197A7C} = {1AD35F79-0AD1-40C4-B62D-ABBF561D882B}
		{543C1839-5803-4268-A0E4-EDE6CD483A6A} = {1AD35F79-0AD1-40C4-B62D-ABBF561D882B}
		{6C2434C1-04AE-4AF6-89D5-A3724E5FE880} = {1AD35F79-0AD1-40C4-B62D-ABBF561D882B}
		{76DA8A88-28A9-4D29-AB7A-88D3F175F63D} = {1AD35F79-0AD1-40C4-B62D-ABBF561D882B}
		{E22AD517-F884-4F2F-9EB8-74406B073F2D} = {2276DE48-1BFD-4DB9-B18B-07075E2A34B6}
		{77225C01-B99D-4C7D-897E-18D8F9BA6020} = {2276DE48-1BFD-4DB9-B18B-07075E2A34B6}
		{49CCB52E-DE84-4C3A-B389-C05937683A47} = {1AD35F79-0AD1-40C4-B62D-ABBF561D882B}
		{C46E61A5-D96C-4803-9100-A73385D920FA} = {1AD35F79-0AD1-40C4-B62D-ABBF561D882B}
		{958348AF-2743-43FD-BF61-AA714B5855BA} = {2276DE48-1BFD-4DB9-B18B-07075E2A34B6}
		{C6756AD7-DF47-49BB-BEF5-D0D688C24E91} = {2276DE48-1BFD-4DB9-B18B-07075E2A34B6}
		{F6CFDE89-A40D-42B2-9C57-2104F066BC80} = {1AD35F79-0AD1-40C4-B62D-ABBF561D882B}
		{A77C7B6B-961D-424D-A11C-ED03B3378986} = {2276DE48-1BFD-4DB9-B18B-07075E2A34B6}
		{A417B1EB-9896-4161-84EC-BFD6F07BDAE9} = {2276DE48-1BFD-4DB9-B18B-07075E2A34B6}
		{ED60B44D-5975-40D7-860A-BB8301C5D817} = {2276DE48-1BFD-4DB9-B18B-07075E2A34B6}
		{5C9C94C2-0080-4641-8301-E704E21C96E2} = {2276DE48-1BFD-4DB9-B18B-07075E2A34B6}
		{D0A7429D-83B7-45F1-80A2-85A68E154D7B} = {1AD35F79-0AD1-40C4-B62D-ABBF561D882B}
		{16192D9D-E69C-4BC9-BA30-BB1CA2680620} = {2276DE48-1BFD-4DB9-B18B-07075E2A34B6}
	EndGlobalSection
EndGlobal
