{
  "version": 2,
  "dependencies": {
    "net9.0": {
      "McMaster.NETCore.Plugins": {
        "type": "Direct",
        "requested": "[1.4.0, )",
        "resolved": "1.4.0",
        "contentHash": "UKw5Z2/QHhkR7kiAJmqdCwVDMQV0lwsfj10+FG676r8DsJWIpxtachtEjE0qBs9WoK5GUQIqxgyFeYUSwuPszg==",
        "dependencies": {
          "Microsoft.DotNet.PlatformAbstractions": "3.1.6",
          "Microsoft.Extensions.DependencyModel": "5.0.0"
        }
      },
      "Microsoft.Extensions.Configuration": {
        "type": "Direct",
        "requested": "[9.0.0-rc.1.24431.7, )",
        "resolved": "9.0.0-rc.1.24431.7",
        "contentHash": "uEAjIHD+iMZKDQHgSk8hHgGwIMF29G2OyEu1EZUzcG960MeFQq8dvvqcU/xkhkIOBa/Caz9JAouGTdi5tUp2aA==",
        "dependencies": {
          "Microsoft.Extensions.Configuration.Abstractions": "9.0.0-rc.1.24431.7",
          "Microsoft.Extensions.Primitives": "9.0.0-rc.1.24431.7"
        }
      },
      "Microsoft.Extensions.Configuration.Binder": {
        "type": "Direct",
        "requested": "[9.0.0-rc.1.24431.7, )",
        "resolved": "9.0.0-rc.1.24431.7",
        "contentHash": "/Fgu95b0aaJSDcKcRd6f5jEQotHa6QvK6UgtCQBdw07j94iN9dQi6+9YwBqT7ztMzrcI3aFd66js76wzhW/57A==",
        "dependencies": {
          "Microsoft.Extensions.Configuration.Abstractions": "9.0.0-rc.1.24431.7"
        }
      },
      "Microsoft.Extensions.Configuration.Json": {
        "type": "Direct",
        "requested": "[9.0.0-rc.1.24431.7, )",
        "resolved": "9.0.0-rc.1.24431.7",
        "contentHash": "MIeN3EAmQzn8sSnW7bPYrSxRdg1jMmDks4l9fJekrEDUq151MnWJVnmgGUEyE0qGDSggkcl1QbnRDd9ACa46+Q==",
        "dependencies": {
          "Microsoft.Extensions.Configuration": "9.0.0-rc.1.24431.7",
          "Microsoft.Extensions.Configuration.Abstractions": "9.0.0-rc.1.24431.7",
          "Microsoft.Extensions.Configuration.FileExtensions": "9.0.0-rc.1.24431.7",
          "Microsoft.Extensions.FileProviders.Abstractions": "9.0.0-rc.1.24431.7"
        }
      },
      "Microsoft.Extensions.Logging.Abstractions": {
        "type": "Direct",
        "requested": "[9.0.0-rc.1.24431.7, )",
        "resolved": "9.0.0-rc.1.24431.7",
        "contentHash": "Dq4rgVJXE1SwINhR/D36O5fd9yZ4hQ4sWTt+gykLbWotaBEz16NhU95VKE4umsex147ZfkmDWr2Q0XldBQjuaA==",
        "dependencies": {
          "Microsoft.Extensions.DependencyInjection.Abstractions": "9.0.0-rc.1.24431.7"
        }
      },
      "MinVer": {
        "type": "Direct",
        "requested": "[5.0.0, )",
        "resolved": "5.0.0",
        "contentHash": "ybkgpQMtt0Fo91l5rYtE3TZtD+Nmy5Ko091xvfXXOosQdMi30XO2EZ2+ShZt89gdu7RMmJqZaJ+e1q6d+6+KNw=="
      },
      "Microsoft.DotNet.PlatformAbstractions": {
        "type": "Transitive",
        "resolved": "3.1.6",
        "contentHash": "jek4XYaQ/PGUwDKKhwR8K47Uh1189PFzMeLqO83mXrXQVIpARZCcfuDedH50YDTepBkfijCZN5U/vZi++erxtg=="
      },
      "Microsoft.Extensions.Configuration.FileExtensions": {
        "type": "Transitive",
        "resolved": "9.0.0-rc.1.24431.7",
        "contentHash": "3uNxkjlt47bCrpkHXpDrtfm6FbKPOxDp+/OD8UyefwQKvNbbCp6moBS/Q83W/XVNVuCJ8BFGfXo70IGdInO7JQ==",
        "dependencies": {
          "Microsoft.Extensions.Configuration": "9.0.0-rc.1.24431.7",
          "Microsoft.Extensions.Configuration.Abstractions": "9.0.0-rc.1.24431.7",
          "Microsoft.Extensions.FileProviders.Abstractions": "9.0.0-rc.1.24431.7",
          "Microsoft.Extensions.FileProviders.Physical": "9.0.0-rc.1.24431.7",
          "Microsoft.Extensions.Primitives": "9.0.0-rc.1.24431.7"
        }
      },
      "Microsoft.Extensions.DependencyInjection.Abstractions": {
        "type": "Transitive",
        "resolved": "9.0.0-rc.1.24431.7",
        "contentHash": "/Gtbv7/vlcUUx8rsVwI3zMS2gUMewMU2ukUa1mh00lRwBBmPPnempruehrhq/3LHLE4LO8tEaFtTYi1Z33PCWQ=="
      },
      "Microsoft.Extensions.DependencyModel": {
        "type": "Transitive",
        "resolved": "5.0.0",
        "contentHash": "umBECCoMC+sOUgm083yFr8SxTobUOcPFH4AXigdO2xJiszCHAnmeDl4qPphJt+oaJ/XIfV1wOjIts2nRnki61Q=="
      },
      "Microsoft.Extensions.FileProviders.Abstractions": {
        "type": "Transitive",
        "resolved": "9.0.0-rc.1.24431.7",
        "contentHash": "O0BVMsvJAjReWVeoeCrGQmjPZKbDmaguc4XOPHgpMq4abcUvHsAVg6mkUFUGutrSUXiRUyyiGxEXIrbHcmjExg==",
        "dependencies": {
          "Microsoft.Extensions.Primitives": "9.0.0-rc.1.24431.7"
        }
      },
      "Microsoft.Extensions.FileProviders.Physical": {
        "type": "Transitive",
        "resolved": "9.0.0-rc.1.24431.7",
        "contentHash": "bMO0Qv8byfFnjCCdAWhGAw+QNIIaF+tueGOIv/LtYIW3TQFbeg0s8cYM/M4DFGP/H7VFf1O6fqhPgB/R170whg==",
        "dependencies": {
          "Microsoft.Extensions.FileProviders.Abstractions": "9.0.0-rc.1.24431.7",
          "Microsoft.Extensions.FileSystemGlobbing": "9.0.0-rc.1.24431.7",
          "Microsoft.Extensions.Primitives": "9.0.0-rc.1.24431.7"
        }
      },
      "Microsoft.Extensions.FileSystemGlobbing": {
        "type": "Transitive",
        "resolved": "9.0.0-rc.1.24431.7",
        "contentHash": "q4Bh5jg+dKPIHZU5cXAQsGggxQpbxCcGUitG3ZAwb7QWC0yOqFQ8uA4TaOKeoIbOgiSRMHoiPKkK6HNEjxIMFw=="
      },
      "Microsoft.Extensions.Primitives": {
        "type": "Transitive",
        "resolved": "9.0.0-rc.1.24431.7",
        "contentHash": "o0oZEbXbuc3jY3KriFAoTNAeHzv3OCzCx5chpuB+ecoloBI+zpNup0ai8RuTe4Ky9ULK9TyAUC9hgIDX0NnjRw=="
      },
      "edelstein.common.utilities": {
        "type": "Project",
        "dependencies": {
          "Edelstein.Protocol.Utilities": "[1.0.0, )",
          "LogicLooper": "[1.6.0, )",
          "Microsoft.Extensions.Logging.Abstractions": "[9.0.0-rc.1.24431.7, )",
          "RBush": "[3.2.0, )"
        }
      },
      "edelstein.protocol.plugin": {
        "type": "Project",
        "dependencies": {
          "Edelstein.Protocol.Utilities": "[1.0.0, )",
          "Microsoft.Extensions.Logging.Abstractions": "[9.0.0-rc.1.24431.7, )"
        }
      },
      "edelstein.protocol.utilities": {
        "type": "Project"
      },
      "LogicLooper": {
        "type": "CentralTransitive",
        "requested": "[1.6.0, )",
        "resolved": "1.6.0",
        "contentHash": "qbQ+kukflXfbsLbqZtMfqLPPo0oUgKISLt7ylqrEt3PbIfFVci2dlU9X94k7B++g2h7Rp4oOhL1aY2VCXovzag=="
      },
      "Microsoft.Extensions.Configuration.Abstractions": {
        "type": "CentralTransitive",
        "requested": "[9.0.0-rc.1.24431.7, )",
        "resolved": "9.0.0-rc.1.24431.7",
        "contentHash": "ijTDu7t3u9rpwRHAwgb3mhyPkM0gKwbaFszhQJ0KIU35L+BwuoWjEZxl7/7DYqKUfQV3BZMnUl3xGfWiTl/+/A==",
        "dependencies": {
          "Microsoft.Extensions.Primitives": "9.0.0-rc.1.24431.7"
        }
      },
      "RBush": {
        "type": "CentralTransitive",
        "requested": "[3.2.0, )",
        "resolved": "3.2.0",
        "contentHash": "ijGh9N0zZ7JfXk3oQkWCwK8SwSSByexbyh/MjbCjNxOft9eG5ZqKC1vdgiYq78h4IZRFmN4s3JZ/b10Jipud5w=="
      }
    }
  }
}