{
  "version": 1,
  "dependencies": {
    "net8.0": {
      "DotNetty.Buffers": {
        "type": "Direct",
        "requested": "[0.7.5, )",
        "resolved": "0.7.5",
        "contentHash": "ri4udTfNS856dAZ09VkQ9k6gxmYwFuZh930TAMa71smowEAvhGQEDpRY4mLgA5ADhbKhLYpmO/1vfDXEchDugQ==",
        "dependencies": {
          "DotNetty.Common": "0.7.5",
          "System.Runtime.CompilerServices.Unsafe": "5.0.0"
        }
      },
      "DotNetty.Codecs": {
        "type": "Direct",
        "requested": "[0.7.5, )",
        "resolved": "0.7.5",
        "contentHash": "6FqSnZ2gmc5RalbxVNWeEm6FqZHORdskyDUKGdgm4gDr86D8w8TLv4L1MIS7Mshsq3figHl0TP9yFyOXe6SHdQ==",
        "dependencies": {
          "DotNetty.Buffers": "0.7.5",
          "DotNetty.Common": "0.7.5",
          "DotNetty.Transport": "0.7.5",
          "System.Collections.Immutable": "1.5.0"
        }
      },
      "DotNetty.Common": {
        "type": "Direct",
        "requested": "[0.7.5, )",
        "resolved": "0.7.5",
        "contentHash": "U9dLNbZhtWhSsWIwLVhIwKC9Ku3+Q/CrY/U5Lahb8DxoEt6uo3GIPPGY3NT1COllfhT422bLALdGlesFOcwXEg==",
        "dependencies": {
          "Microsoft.Extensions.Logging": "5.0.0",
          "System.Runtime.CompilerServices.Unsafe": "5.0.0"
        }
      },
      "DotNetty.Handlers": {
        "type": "Direct",
        "requested": "[0.7.5, )",
        "resolved": "0.7.5",
        "contentHash": "1iXurgUEaEqRW33CvPCEndrHoTB6Ql4PBNpMkVixJ6MxSS9kMLPi+nVpcnEQCPyRBkf/9znk+YO02R0bDWA03g==",
        "dependencies": {
          "DotNetty.Buffers": "0.7.5",
          "DotNetty.Codecs": "0.7.5",
          "DotNetty.Common": "0.7.5",
          "DotNetty.Transport": "0.7.5"
        }
      },
      "DotNetty.Transport": {
        "type": "Direct",
        "requested": "[0.7.5, )",
        "resolved": "0.7.5",
        "contentHash": "Ha1ZDqUOEPgk5/IWpAcP220cUtcekLankgkq/KhkrmvVANNbTxwTvjBS50m2/nAK623HjT+1wcLZBfFzBg3TyQ==",
        "dependencies": {
          "DotNetty.Buffers": "0.7.5",
          "DotNetty.Common": "0.7.5"
        }
      },
      "Microsoft.Extensions.DependencyInjection": {
        "type": "Transitive",
        "resolved": "5.0.0",
        "contentHash": "Rc2kb/p3Ze6cP6rhFC3PJRdWGbLvSHZc0ev7YlyeU6FmHciDMLrhoVoTUEzKPhN5ZjFgKF1Cf5fOz8mCMIkvpA==",
        "dependencies": {
          "Microsoft.Extensions.DependencyInjection.Abstractions": "5.0.0"
        }
      },
      "Microsoft.Extensions.DependencyInjection.Abstractions": {
        "type": "Transitive",
        "resolved": "5.0.0",
        "contentHash": "ORj7Zh81gC69TyvmcUm9tSzytcy8AVousi+IVRAI8nLieQjOFryRusSFh7+aLk16FN9pQNqJAiMd7BTKINK0kA=="
      },
      "Microsoft.Extensions.Logging": {
        "type": "Transitive",
        "resolved": "5.0.0",
        "contentHash": "MgOwK6tPzB6YNH21wssJcw/2MKwee8b2gI7SllYfn6rvTpIrVvVS5HAjSU2vqSku1fwqRvWP0MdIi14qjd93Aw==",
        "dependencies": {
          "Microsoft.Extensions.DependencyInjection": "5.0.0",
          "Microsoft.Extensions.DependencyInjection.Abstractions": "5.0.0",
          "Microsoft.Extensions.Logging.Abstractions": "5.0.0",
          "Microsoft.Extensions.Options": "5.0.0"
        }
      },
      "Microsoft.Extensions.Logging.Abstractions": {
        "type": "Transitive",
        "resolved": "7.0.0",
        "contentHash": "kmn78+LPVMOWeITUjIlfxUPDsI0R6G0RkeAMBmQxAJ7vBJn4q2dTva7pWi65ceN5vPGjJ9q/Uae2WKgvfktJAw=="
      },
      "Microsoft.Extensions.Options": {
        "type": "Transitive",
        "resolved": "5.0.0",
        "contentHash": "CBvR92TCJ5uBIdd9/HzDSrxYak+0W/3+yxrNg8Qm6Bmrkh5L+nu6m3WeazQehcZ5q1/6dDA7J5YdQjim0165zg==",
        "dependencies": {
          "Microsoft.Extensions.DependencyInjection.Abstractions": "5.0.0",
          "Microsoft.Extensions.Primitives": "5.0.0"
        }
      },
      "Microsoft.Extensions.Primitives": {
        "type": "Transitive",
        "resolved": "5.0.0",
        "contentHash": "cI/VWn9G1fghXrNDagX9nYaaB/nokkZn0HYAawGaELQrl8InSezfe9OnfPZLcJq3esXxygh3hkq2c3qoV3SDyQ=="
      },
      "RBush": {
        "type": "Transitive",
        "resolved": "3.2.0",
        "contentHash": "ijGh9N0zZ7JfXk3oQkWCwK8SwSSByexbyh/MjbCjNxOft9eG5ZqKC1vdgiYq78h4IZRFmN4s3JZ/b10Jipud5w=="
      },
      "System.Collections.Immutable": {
        "type": "Transitive",
        "resolved": "1.5.0",
        "contentHash": "EXKiDFsChZW0RjrZ4FYHu9aW6+P4MCgEDCklsVseRfhoO0F+dXeMSsMRAlVXIo06kGJ/zv+2w1a2uc2+kxxSaQ=="
      },
      "System.Runtime.CompilerServices.Unsafe": {
        "type": "Transitive",
        "resolved": "5.0.0",
        "contentHash": "ZD9TMpsmYJLrxbbmdvhwt9YEgG5WntEnZ/d1eH8JBX9LBp+Ju8BSBhUGbZMNVHHomWo2KVImJhTDl2hIgw/6MA=="
      },
      "edelstein.common.crypto": {
        "type": "Project"
      },
      "edelstein.common.utilities": {
        "type": "Project",
        "dependencies": {
          "Edelstein.Protocol.Utilities": "[1.0.0, )",
          "Microsoft.Extensions.Logging.Abstractions": "[7.0.0, )",
          "RBush": "[3.2.0, )"
        }
      },
      "edelstein.protocol.network": {
        "type": "Project",
        "dependencies": {
          "Edelstein.Protocol.Utilities": "[1.0.0, )"
        }
      },
      "edelstein.protocol.utilities": {
        "type": "Project"
      }
    }
  }
}