{
  "version": 2,
  "dependencies": {
    "net9.0": {
      "DotNetty.Buffers": {
        "type": "Direct",
        "requested": "[0.7.6, )",
        "resolved": "0.7.6",
        "contentHash": "JVYypDugRG4m3hbS0drCC79vX93zqjn5w+U4ti/KXjTIzcQ/UVHrCgs7ZgJfWRUQLfgfQB0daYQtE18lKD8pHg==",
        "dependencies": {
          "DotNetty.Common": "0.7.6",
          "System.Runtime.CompilerServices.Unsafe": "5.0.0"
        }
      },
      "DotNetty.Codecs": {
        "type": "Direct",
        "requested": "[0.7.6, )",
        "resolved": "0.7.6",
        "contentHash": "XBZy/m3+V8PBUHHHbFKaRBE0+knTCitcE8oKCQn4jZybH25mCZ1vTwj3BRuPYdNpzh74Op32Hj4ZXF+DMx/oAg==",
        "dependencies": {
          "DotNetty.Buffers": "0.7.6",
          "DotNetty.Common": "0.7.6",
          "DotNetty.Transport": "0.7.6",
          "System.Collections.Immutable": "1.5.0"
        }
      },
      "DotNetty.Common": {
        "type": "Direct",
        "requested": "[0.7.6, )",
        "resolved": "0.7.6",
        "contentHash": "dmK8Njfh2Y4qnz99lLK0evoc46FPL5WOnHMLlavNZ6zqC5/bKgqGsJFoXbhVPkSYDp58g2euI64dhY0cvOUOZQ==",
        "dependencies": {
          "Microsoft.Extensions.Logging": "5.0.0",
          "System.Runtime.CompilerServices.Unsafe": "5.0.0"
        }
      },
      "DotNetty.Handlers": {
        "type": "Direct",
        "requested": "[0.7.6, )",
        "resolved": "0.7.6",
        "contentHash": "6sSMp0Md8DbpyOAV9IjiR30uzaLrxAbJTcwFFpMJM1+EJhvPz6Ywt0RqoV6+lseq6zqBjMq2jbPTKcqPoqNYIA==",
        "dependencies": {
          "DotNetty.Buffers": "0.7.6",
          "DotNetty.Codecs": "0.7.6",
          "DotNetty.Common": "0.7.6",
          "DotNetty.Transport": "0.7.6"
        }
      },
      "DotNetty.Transport": {
        "type": "Direct",
        "requested": "[0.7.6, )",
        "resolved": "0.7.6",
        "contentHash": "EVQ5FihFPdWmw7v6l/4iyMepj49vZT11kWQNJ0ApC4KzkdJJ6LM/7NDUgghyxbO0e25nfQRtkGLP5EZAEo7QDA==",
        "dependencies": {
          "DotNetty.Buffers": "0.7.6",
          "DotNetty.Common": "0.7.6"
        }
      },
      "Injectio": {
        "type": "Direct",
        "requested": "[3.1.0, )",
        "resolved": "3.1.0",
        "contentHash": "7b7IdkoJA1ecyHYjstI0TraeilfaRdwmoBpR09oOYxuOTHYvKjPm5Odvjcdp6WMjcQF2WUs7xm169w9uXEgA1g==",
        "dependencies": {
          "Microsoft.Extensions.DependencyInjection.Abstractions": "8.0.0"
        }
      },
      "MinVer": {
        "type": "Direct",
        "requested": "[5.0.0, )",
        "resolved": "5.0.0",
        "contentHash": "ybkgpQMtt0Fo91l5rYtE3TZtD+Nmy5Ko091xvfXXOosQdMi30XO2EZ2+ShZt89gdu7RMmJqZaJ+e1q6d+6+KNw=="
      },
      "Microsoft.Extensions.DependencyInjection": {
        "type": "Transitive",
        "resolved": "5.0.0",
        "contentHash": "Rc2kb/p3Ze6cP6rhFC3PJRdWGbLvSHZc0ev7YlyeU6FmHciDMLrhoVoTUEzKPhN5ZjFgKF1Cf5fOz8mCMIkvpA==",
        "dependencies": {
          "Microsoft.Extensions.DependencyInjection.Abstractions": "5.0.0"
        }
      },
      "Microsoft.Extensions.DependencyInjection.Abstractions": {
        "type": "Transitive",
        "resolved": "8.0.0",
        "contentHash": "cjWrLkJXK0rs4zofsK4bSdg+jhDLTaxrkXu4gS6Y7MAlCvRyNNgwY/lJi5RDlQOnSZweHqoyvgvbdvQsRIW+hg=="
      },
      "Microsoft.Extensions.Logging": {
        "type": "Transitive",
        "resolved": "5.0.0",
        "contentHash": "MgOwK6tPzB6YNH21wssJcw/2MKwee8b2gI7SllYfn6rvTpIrVvVS5HAjSU2vqSku1fwqRvWP0MdIi14qjd93Aw==",
        "dependencies": {
          "Microsoft.Extensions.DependencyInjection": "5.0.0",
          "Microsoft.Extensions.DependencyInjection.Abstractions": "5.0.0",
          "Microsoft.Extensions.Logging.Abstractions": "5.0.0",
          "Microsoft.Extensions.Options": "5.0.0"
        }
      },
      "Microsoft.Extensions.Logging.Abstractions": {
        "type": "Transitive",
        "resolved": "5.0.0",
        "contentHash": "NxP6ahFcBnnSfwNBi2KH2Oz8Xl5Sm2krjId/jRR3I7teFphwiUoUeZPwTNA21EX+5PtjqmyAvKaOeBXcJjcH/w=="
      },
      "Microsoft.Extensions.Options": {
        "type": "Transitive",
        "resolved": "5.0.0",
        "contentHash": "CBvR92TCJ5uBIdd9/HzDSrxYak+0W/3+yxrNg8Qm6Bmrkh5L+nu6m3WeazQehcZ5q1/6dDA7J5YdQjim0165zg==",
        "dependencies": {
          "Microsoft.Extensions.DependencyInjection.Abstractions": "5.0.0",
          "Microsoft.Extensions.Primitives": "5.0.0"
        }
      },
      "Microsoft.Extensions.Primitives": {
        "type": "Transitive",
        "resolved": "5.0.0",
        "contentHash": "cI/VWn9G1fghXrNDagX9nYaaB/nokkZn0HYAawGaELQrl8InSezfe9OnfPZLcJq3esXxygh3hkq2c3qoV3SDyQ=="
      },
      "System.Collections.Immutable": {
        "type": "Transitive",
        "resolved": "1.5.0",
        "contentHash": "EXKiDFsChZW0RjrZ4FYHu9aW6+P4MCgEDCklsVseRfhoO0F+dXeMSsMRAlVXIo06kGJ/zv+2w1a2uc2+kxxSaQ=="
      },
      "System.Runtime.CompilerServices.Unsafe": {
        "type": "Transitive",
        "resolved": "5.0.0",
        "contentHash": "ZD9TMpsmYJLrxbbmdvhwt9YEgG5WntEnZ/d1eH8JBX9LBp+Ju8BSBhUGbZMNVHHomWo2KVImJhTDl2hIgw/6MA=="
      },
      "edelstein.common.crypto": {
        "type": "Project"
      },
      "edelstein.common.utilities": {
        "type": "Project",
        "dependencies": {
          "Edelstein.Protocol.Utilities": "[1.0.0, )",
          "Microsoft.IO.RecyclableMemoryStream": "[3.0.0, )"
        }
      },
      "edelstein.protocol.network": {
        "type": "Project",
        "dependencies": {
          "Edelstein.Protocol.Utilities": "[1.0.0, )"
        }
      },
      "edelstein.protocol.utilities": {
        "type": "Project"
      },
      "Microsoft.IO.RecyclableMemoryStream": {
        "type": "CentralTransitive",
        "requested": "[3.0.0, )",
        "resolved": "3.0.0",
        "contentHash": "irv0HuqoH8Ig5i2fO+8dmDNdFdsrO+DoQcedwIlb810qpZHBNQHZLW7C/AHBQDgLLpw2T96vmMAy/aE4Yj55Sg=="
      }
    }
  }
}