{
  "version": 2,
  "dependencies": {
    "net9.0": {
      "LogicLooper": {
        "type": "Direct",
        "requested": "[1.6.0, )",
        "resolved": "1.6.0",
        "contentHash": "qbQ+kukflXfbsLbqZtMfqLPPo0oUgKISLt7ylqrEt3PbIfFVci2dlU9X94k7B++g2h7Rp4oOhL1aY2VCXovzag=="
      },
      "Microsoft.Extensions.Logging.Abstractions": {
        "type": "Direct",
        "requested": "[9.0.0-rc.1.24431.7, )",
        "resolved": "9.0.0-rc.1.24431.7",
        "contentHash": "Dq4rgVJXE1SwINhR/D36O5fd9yZ4hQ4sWTt+gykLbWotaBEz16NhU95VKE4umsex147ZfkmDWr2Q0XldBQjuaA==",
        "dependencies": {
          "Microsoft.Extensions.DependencyInjection.Abstractions": "9.0.0-rc.1.24431.7"
        }
      },
      "MinVer": {
        "type": "Direct",
        "requested": "[5.0.0, )",
        "resolved": "5.0.0",
        "contentHash": "ybkgpQMtt0Fo91l5rYtE3TZtD+Nmy5Ko091xvfXXOosQdMi30XO2EZ2+ShZt89gdu7RMmJqZaJ+e1q6d+6+KNw=="
      },
      "RBush": {
        "type": "Direct",
        "requested": "[3.2.0, )",
        "resolved": "3.2.0",
        "contentHash": "ijGh9N0zZ7JfXk3oQkWCwK8SwSSByexbyh/MjbCjNxOft9eG5ZqKC1vdgiYq78h4IZRFmN4s3JZ/b10Jipud5w=="
      },
      "Microsoft.Extensions.DependencyInjection.Abstractions": {
        "type": "Transitive",
        "resolved": "9.0.0-rc.1.24431.7",
        "contentHash": "/Gtbv7/vlcUUx8rsVwI3zMS2gUMewMU2ukUa1mh00lRwBBmPPnempruehrhq/3LHLE4LO8tEaFtTYi1Z33PCWQ=="
      },
      "edelstein.protocol.utilities": {
        "type": "Project"
      }
    }
  }
}