{
  "version": 2,
  "dependencies": {
    "net9.0": {
      "LogicLooper": {
        "type": "Direct",
        "requested": "[1.6.0, )",
        "resolved": "1.6.0",
        "contentHash": "qbQ+kukflXfbsLbqZtMfqLPPo0oUgKISLt7ylqrEt3PbIfFVci2dlU9X94k7B++g2h7Rp4oOhL1aY2VCXovzag=="
      },
      "Microsoft.Extensions.Logging.Abstractions": {
        "type": "Direct",
        "requested": "[9.0.0-preview.7.24405.7, )",
        "resolved": "9.0.0-preview.7.24405.7",
        "contentHash": "WFzKiQ5cfQruJgK4vQEklG5Wwiu/Wt+T+eP80AGzzCq9iVgbOo7O1VC9amyO+Bw5WERAt1Yzfye0I0+wVSLhKA==",
        "dependencies": {
          "Microsoft.Extensions.DependencyInjection.Abstractions": "9.0.0-preview.7.24405.7",
          "System.Diagnostics.DiagnosticSource": "9.0.0-preview.7.24405.7"
        }
      },
      "MinVer": {
        "type": "Direct",
        "requested": "[5.0.0, )",
        "resolved": "5.0.0",
        "contentHash": "ybkgpQMtt0Fo91l5rYtE3TZtD+Nmy5Ko091xvfXXOosQdMi30XO2EZ2+ShZt89gdu7RMmJqZaJ+e1q6d+6+KNw=="
      },
      "Microsoft.Extensions.DependencyInjection.Abstractions": {
        "type": "Transitive",
        "resolved": "9.0.0-preview.7.24405.7",
        "contentHash": "ZuoB/44UTW4IbYfHk0yHtZH9LdHkfEeclxvniWs90T+f9x/NQtN4556iNIKar3MASCcrD0n2AE5y/Kv6buuNIA=="
      },
      "System.Diagnostics.DiagnosticSource": {
        "type": "Transitive",
        "resolved": "9.0.0-preview.7.24405.7",
        "contentHash": "aAM2ASxG7VL+BPIO4SgSnIkrFSkrgXff6oENeHJig2JDeQyo6HjoP5X6kSuMxUUOTLpHWVvoEnK1fJHJUtMItg=="
      },
      "edelstein.protocol.utilities": {
        "type": "Project"
      }
    }
  }
}