{
  "version": 1,
  "dependencies": {
    "net8.0": {
      "Duey": {
        "type": "Direct",
        "requested": "[1.0.4, )",
        "resolved": "1.0.4",
        "contentHash": "lBOhp81i/VhsOxpn17TBEoGrbuIVht2/AL1bKvf83K9pav8wobbGQODPxAPM53IF8y4DqE9vYgzXRD03mKX6ow==",
        "dependencies": {
          "K4os.Compression.LZ4": "1.1.11"
        }
      },
      "K4os.Compression.LZ4": {
        "type": "Transitive",
        "resolved": "1.1.11",
        "contentHash": "RNvJw0UGkedPhCqVBNIogtfQebY+bQt0PN7xDbVe5LWLra0ZEqPfjPSl7iStj3rgDnkqkkTTpm+vCX3hU1qKmA==",
        "dependencies": {
          "System.Memory": "4.5.3"
        }
      },
      "System.Memory": {
        "type": "Transitive",
        "resolved": "4.5.3",
        "contentHash": "3oDzvc/zzetpTKWMShs1AADwZjQ/36HnsufHRPcOjyRAAMLDlu2iD33MBI2opxnezcVUtXyqDXXjoFMOU9c7SA=="
      },
      "edelstein.protocol.data": {
        "type": "Project"
      }
    }
  }
}