{
  "version": 2,
  "dependencies": {
    "net8.0": {
      "AutoMapper": {
        "type": "Direct",
        "requested": "[13.0.1, )",
        "resolved": "13.0.1",
        "contentHash": "/Fx1SbJ16qS7dU4i604Sle+U9VLX+WSNVJggk6MupKVkYvvBm4XqYaeFuf67diHefHKHs50uQIS2YEDFhPCakQ==",
        "dependencies": {
          "Microsoft.Extensions.Options": "6.0.0"
        }
      },
      "Microsoft.EntityFrameworkCore": {
        "type": "Direct",
        "requested": "[8.0.4, )",
        "resolved": "8.0.4",
        "contentHash": "/kyu9pXuxQvhg8RO/oN5Q5Og7cDIVvZtrt1z48rX7Yido+zEGkUkp3/Bjd9u45N2uuPPF8mn2pKDlAewCvv3/Q==",
        "dependencies": {
          "Microsoft.EntityFrameworkCore.Abstractions": "8.0.4",
          "Microsoft.EntityFrameworkCore.Analyzers": "8.0.4",
          "Microsoft.Extensions.Caching.Memory": "8.0.0",
          "Microsoft.Extensions.Logging": "8.0.0"
        }
      },
      "Microsoft.EntityFrameworkCore.Design": {
        "type": "Direct",
        "requested": "[8.0.4, )",
        "resolved": "8.0.4",
        "contentHash": "QD5/h3+h4N7GlUaA4bzaYFW9CoeB7ne2KMiDIENIT0GPx+E6up/v9fDA36FAS3NIq9zeKUAQgN8aj6IwE7tMGw==",
        "dependencies": {
          "Humanizer.Core": "2.14.1",
          "Microsoft.CodeAnalysis.CSharp.Workspaces": "4.5.0",
          "Microsoft.EntityFrameworkCore.Relational": "8.0.4",
          "Microsoft.Extensions.DependencyModel": "8.0.0",
          "Mono.TextTemplating": "2.2.1"
        }
      },
      "Microsoft.Extensions.Configuration.Json": {
        "type": "Direct",
        "requested": "[8.0.0, )",
        "resolved": "8.0.0",
        "contentHash": "C2wqUoh9OmRL1akaCcKSTmRU8z0kckfImG7zLNI8uyi47Lp+zd5LWAD17waPQEqCz3ioWOCrFUo+JJuoeZLOBw==",
        "dependencies": {
          "Microsoft.Extensions.Configuration": "8.0.0",
          "Microsoft.Extensions.Configuration.Abstractions": "8.0.0",
          "Microsoft.Extensions.Configuration.FileExtensions": "8.0.0",
          "Microsoft.Extensions.FileProviders.Abstractions": "8.0.0",
          "System.Text.Json": "8.0.0"
        }
      },
      "MinVer": {
        "type": "Direct",
        "requested": "[5.0.0, )",
        "resolved": "5.0.0",
        "contentHash": "ybkgpQMtt0Fo91l5rYtE3TZtD+Nmy5Ko091xvfXXOosQdMi30XO2EZ2+ShZt89gdu7RMmJqZaJ+e1q6d+6+KNw=="
      },
      "Npgsql.EntityFrameworkCore.PostgreSQL": {
        "type": "Direct",
        "requested": "[8.0.2, )",
        "resolved": "8.0.2",
        "contentHash": "eoZPynwkZTWFTgnocvXORuCL2yFZtscrUdqVhjxiRULpC7BMg9zhLM5oDZAU5PoX1PgN77hmkKE4a3PQiHqh7Q==",
        "dependencies": {
          "Microsoft.EntityFrameworkCore": "8.0.2",
          "Microsoft.EntityFrameworkCore.Abstractions": "8.0.2",
          "Microsoft.EntityFrameworkCore.Relational": "8.0.2",
          "Npgsql": "8.0.2"
        }
      },
      "Grpc.Core.Api": {
        "type": "Transitive",
        "resolved": "2.51.0",
        "contentHash": "WUYCnxZKfdBWCKNs08lWFRoTjESt3iyFDthsZu5KcWguZ4OnnXrTu/K5mIdO+R9dUhuw5Xm1ygUrI1e2q8d1YA==",
        "dependencies": {
          "System.Memory": "4.5.3"
        }
      },
      "Humanizer.Core": {
        "type": "Transitive",
        "resolved": "2.14.1",
        "contentHash": "lQKvtaTDOXnoVJ20ibTuSIOf2i0uO0MPbDhd1jm238I+U/2ZnRENj0cktKZhtchBMtCUSRQ5v4xBCUbKNmyVMw=="
      },
      "Microsoft.Bcl.AsyncInterfaces": {
        "type": "Transitive",
        "resolved": "6.0.0",
        "contentHash": "UcSjPsst+DfAdJGVDsu346FX0ci0ah+lw3WRtn18NUwEqRt70HaOQ7lI72vy3+1LxtqI3T5GWwV39rQSrCzAeg=="
      },
      "Microsoft.CodeAnalysis.Analyzers": {
        "type": "Transitive",
        "resolved": "3.3.3",
        "contentHash": "j/rOZtLMVJjrfLRlAMckJLPW/1rze9MT1yfWqSIbUPGRu1m1P0fuo9PmqapwsmePfGB5PJrudQLvmUOAMF0DqQ=="
      },
      "Microsoft.CodeAnalysis.Common": {
        "type": "Transitive",
        "resolved": "4.5.0",
        "contentHash": "lwAbIZNdnY0SUNoDmZHkVUwLO8UyNnyyh1t/4XsbFxi4Ounb3xszIYZaWhyj5ZjyfcwqwmtMbE7fUTVCqQEIdQ==",
        "dependencies": {
          "Microsoft.CodeAnalysis.Analyzers": "3.3.3",
          "System.Collections.Immutable": "6.0.0",
          "System.Reflection.Metadata": "6.0.1",
          "System.Runtime.CompilerServices.Unsafe": "6.0.0",
          "System.Text.Encoding.CodePages": "6.0.0"
        }
      },
      "Microsoft.CodeAnalysis.CSharp": {
        "type": "Transitive",
        "resolved": "4.5.0",
        "contentHash": "cM59oMKAOxvdv76bdmaKPy5hfj+oR+zxikWoueEB7CwTko7mt9sVKZI8Qxlov0C/LuKEG+WQwifepqL3vuTiBQ==",
        "dependencies": {
          "Microsoft.CodeAnalysis.Common": "[4.5.0]"
        }
      },
      "Microsoft.CodeAnalysis.CSharp.Workspaces": {
        "type": "Transitive",
        "resolved": "4.5.0",
        "contentHash": "h74wTpmGOp4yS4hj+EvNzEiPgg/KVs2wmSfTZ81upJZOtPkJsVkgfsgtxxqmAeapjT/vLKfmYV0bS8n5MNVP+g==",
        "dependencies": {
          "Humanizer.Core": "2.14.1",
          "Microsoft.CodeAnalysis.CSharp": "[4.5.0]",
          "Microsoft.CodeAnalysis.Common": "[4.5.0]",
          "Microsoft.CodeAnalysis.Workspaces.Common": "[4.5.0]"
        }
      },
      "Microsoft.CodeAnalysis.Workspaces.Common": {
        "type": "Transitive",
        "resolved": "4.5.0",
        "contentHash": "l4dDRmGELXG72XZaonnOeORyD/T5RpEu5LGHOUIhnv+MmUWDY/m1kWXGwtcgQ5CJ5ynkFiRnIYzTKXYjUs7rbw==",
        "dependencies": {
          "Humanizer.Core": "2.14.1",
          "Microsoft.Bcl.AsyncInterfaces": "6.0.0",
          "Microsoft.CodeAnalysis.Common": "[4.5.0]",
          "System.Composition": "6.0.0",
          "System.IO.Pipelines": "6.0.3",
          "System.Threading.Channels": "6.0.0"
        }
      },
      "Microsoft.EntityFrameworkCore.Abstractions": {
        "type": "Transitive",
        "resolved": "8.0.4",
        "contentHash": "S50pjtPNOvRktacaO6UAhvGCPMT56wxqEq8fQfcjaSUySPGba6mKWo6ackw6DdeAR1cA6U+U0uj27warA2KtJA=="
      },
      "Microsoft.EntityFrameworkCore.Analyzers": {
        "type": "Transitive",
        "resolved": "8.0.4",
        "contentHash": "P8hfMZECdbgle4Us8HGRUKAjqVwgbtr5JqtCxqEoiVORrNQAmcpu3g1NKwTAoUsO9Z0QRgExtYoAmdggR/DkMQ=="
      },
      "Microsoft.EntityFrameworkCore.Relational": {
        "type": "Transitive",
        "resolved": "8.0.4",
        "contentHash": "aWLT6e9a8oMzXgF0YQpYYa3mDeU+yb2UQSQ+RrIgyGgSpzPfSKgpA7v2kOVDuZr2AQ6NNAlWPaBG7wZuKQI96w==",
        "dependencies": {
          "Microsoft.EntityFrameworkCore": "8.0.4",
          "Microsoft.Extensions.Configuration.Abstractions": "8.0.0"
        }
      },
      "Microsoft.Extensions.Caching.Abstractions": {
        "type": "Transitive",
        "resolved": "8.0.0",
        "contentHash": "3KuSxeHoNYdxVYfg2IRZCThcrlJ1XJqIXkAWikCsbm5C/bCjv7G0WoKDyuR98Q+T607QT2Zl5GsbGRkENcV2yQ==",
        "dependencies": {
          "Microsoft.Extensions.Primitives": "8.0.0"
        }
      },
      "Microsoft.Extensions.Caching.Memory": {
        "type": "Transitive",
        "resolved": "8.0.0",
        "contentHash": "7pqivmrZDzo1ADPkRwjy+8jtRKWRCPag9qPI+p7sgu7Q4QreWhcvbiWXsbhP+yY8XSiDvZpu2/LWdBv7PnmOpQ==",
        "dependencies": {
          "Microsoft.Extensions.Caching.Abstractions": "8.0.0",
          "Microsoft.Extensions.DependencyInjection.Abstractions": "8.0.0",
          "Microsoft.Extensions.Logging.Abstractions": "8.0.0",
          "Microsoft.Extensions.Options": "8.0.0",
          "Microsoft.Extensions.Primitives": "8.0.0"
        }
      },
      "Microsoft.Extensions.Configuration": {
        "type": "Transitive",
        "resolved": "8.0.0",
        "contentHash": "0J/9YNXTMWSZP2p2+nvl8p71zpSwokZXZuJW+VjdErkegAnFdO1XlqtA62SJtgVYHdKu3uPxJHcMR/r35HwFBA==",
        "dependencies": {
          "Microsoft.Extensions.Configuration.Abstractions": "8.0.0",
          "Microsoft.Extensions.Primitives": "8.0.0"
        }
      },
      "Microsoft.Extensions.Configuration.Abstractions": {
        "type": "Transitive",
        "resolved": "8.0.0",
        "contentHash": "3lE/iLSutpgX1CC0NOW70FJoGARRHbyKmG7dc0klnUZ9Dd9hS6N/POPWhKhMLCEuNN5nXEY5agmlFtH562vqhQ==",
        "dependencies": {
          "Microsoft.Extensions.Primitives": "8.0.0"
        }
      },
      "Microsoft.Extensions.Configuration.FileExtensions": {
        "type": "Transitive",
        "resolved": "8.0.0",
        "contentHash": "McP+Lz/EKwvtCv48z0YImw+L1gi1gy5rHhNaNIY2CrjloV+XY8gydT8DjMR6zWeL13AFK+DioVpppwAuO1Gi1w==",
        "dependencies": {
          "Microsoft.Extensions.Configuration": "8.0.0",
          "Microsoft.Extensions.Configuration.Abstractions": "8.0.0",
          "Microsoft.Extensions.FileProviders.Abstractions": "8.0.0",
          "Microsoft.Extensions.FileProviders.Physical": "8.0.0",
          "Microsoft.Extensions.Primitives": "8.0.0"
        }
      },
      "Microsoft.Extensions.DependencyInjection": {
        "type": "Transitive",
        "resolved": "8.0.0",
        "contentHash": "V8S3bsm50ig6JSyrbcJJ8bW2b9QLGouz+G1miK3UTaOWmMtFwNNNzUf4AleyDWUmTrWMLNnFSLEQtxmxgNQnNQ==",
        "dependencies": {
          "Microsoft.Extensions.DependencyInjection.Abstractions": "8.0.0"
        }
      },
      "Microsoft.Extensions.DependencyInjection.Abstractions": {
        "type": "Transitive",
        "resolved": "8.0.0",
        "contentHash": "cjWrLkJXK0rs4zofsK4bSdg+jhDLTaxrkXu4gS6Y7MAlCvRyNNgwY/lJi5RDlQOnSZweHqoyvgvbdvQsRIW+hg=="
      },
      "Microsoft.Extensions.DependencyModel": {
        "type": "Transitive",
        "resolved": "8.0.0",
        "contentHash": "NSmDw3K0ozNDgShSIpsZcbFIzBX4w28nDag+TfaQujkXGazBm+lid5onlWoCBy4VsLxqnnKjEBbGSJVWJMf43g==",
        "dependencies": {
          "System.Text.Encodings.Web": "8.0.0",
          "System.Text.Json": "8.0.0"
        }
      },
      "Microsoft.Extensions.FileProviders.Abstractions": {
        "type": "Transitive",
        "resolved": "8.0.0",
        "contentHash": "ZbaMlhJlpisjuWbvXr4LdAst/1XxH3vZ6A0BsgTphZ2L4PGuxRLz7Jr/S7mkAAnOn78Vu0fKhEgNF5JO3zfjqQ==",
        "dependencies": {
          "Microsoft.Extensions.Primitives": "8.0.0"
        }
      },
      "Microsoft.Extensions.FileProviders.Physical": {
        "type": "Transitive",
        "resolved": "8.0.0",
        "contentHash": "UboiXxpPUpwulHvIAVE36Knq0VSHaAmfrFkegLyBZeaADuKezJ/AIXYAW8F5GBlGk/VaibN2k/Zn1ca8YAfVdA==",
        "dependencies": {
          "Microsoft.Extensions.FileProviders.Abstractions": "8.0.0",
          "Microsoft.Extensions.FileSystemGlobbing": "8.0.0",
          "Microsoft.Extensions.Primitives": "8.0.0"
        }
      },
      "Microsoft.Extensions.FileSystemGlobbing": {
        "type": "Transitive",
        "resolved": "8.0.0",
        "contentHash": "OK+670i7esqlQrPjdIKRbsyMCe9g5kSLpRRQGSr4Q58AOYEe/hCnfLZprh7viNisSUUQZmMrbbuDaIrP+V1ebQ=="
      },
      "Microsoft.Extensions.Logging": {
        "type": "Transitive",
        "resolved": "8.0.0",
        "contentHash": "tvRkov9tAJ3xP51LCv3FJ2zINmv1P8Hi8lhhtcKGqM+ImiTCC84uOPEI4z8Cdq2C3o9e+Aa0Gw0rmrsJD77W+w==",
        "dependencies": {
          "Microsoft.Extensions.DependencyInjection": "8.0.0",
          "Microsoft.Extensions.Logging.Abstractions": "8.0.0",
          "Microsoft.Extensions.Options": "8.0.0"
        }
      },
      "Microsoft.Extensions.Logging.Abstractions": {
        "type": "Transitive",
        "resolved": "8.0.0",
        "contentHash": "arDBqTgFCyS0EvRV7O3MZturChstm50OJ0y9bDJvAcmEPJm0FFpFyjU/JLYyStNGGey081DvnQYlncNX5SJJGA==",
        "dependencies": {
          "Microsoft.Extensions.DependencyInjection.Abstractions": "8.0.0"
        }
      },
      "Microsoft.Extensions.Options": {
        "type": "Transitive",
        "resolved": "8.0.0",
        "contentHash": "JOVOfqpnqlVLUzINQ2fox8evY2SKLYJ3BV8QDe/Jyp21u1T7r45x/R/5QdteURMR5r01GxeJSBBUOCOyaNXA3g==",
        "dependencies": {
          "Microsoft.Extensions.DependencyInjection.Abstractions": "8.0.0",
          "Microsoft.Extensions.Primitives": "8.0.0"
        }
      },
      "Microsoft.Extensions.Primitives": {
        "type": "Transitive",
        "resolved": "8.0.0",
        "contentHash": "bXJEZrW9ny8vjMF1JV253WeLhpEVzFo1lyaZu1vQ4ZxWUlVvknZ/+ftFgVheLubb4eZPSwwxBeqS1JkCOjxd8g=="
      },
      "Microsoft.NETCore.Platforms": {
        "type": "Transitive",
        "resolved": "2.1.0",
        "contentHash": "ok+RPAtESz/9MUXeIEz6Lv5XAGQsaNmEYXMsgVALj4D7kqC8gveKWXWXbufLySR2fWrwZf8smyN5RmHu0e4BHA=="
      },
      "Mono.TextTemplating": {
        "type": "Transitive",
        "resolved": "2.2.1",
        "contentHash": "KZYeKBET/2Z0gY1WlTAK7+RHTl7GSbtvTLDXEZZojUdAPqpQNDL6tHv7VUpqfX5VEOh+uRGKaZXkuD253nEOBQ==",
        "dependencies": {
          "System.CodeDom": "4.4.0"
        }
      },
      "Npgsql": {
        "type": "Transitive",
        "resolved": "8.0.2",
        "contentHash": "MuJzLoWCaQhQAR3oh66YR0Ir6mxuezncGX3f8wxvAc21g0+9HICktJQlqMoODhxztZKXE5k9GxRxqUAN+vPb4g==",
        "dependencies": {
          "Microsoft.Extensions.Logging.Abstractions": "8.0.0"
        }
      },
      "protobuf-net": {
        "type": "Transitive",
        "resolved": "2.4.8",
        "contentHash": "O+vbVVDxTWlFRBe5OsAmMKqqD7WQ7TPIH97Nr/Pk8gDxtNW77seiDmXfxnODuWIkm0fYW7kE5ILq8jHsgH79yg==",
        "dependencies": {
          "System.ServiceModel.Primitives": "4.5.3"
        }
      },
      "System.CodeDom": {
        "type": "Transitive",
        "resolved": "4.4.0",
        "contentHash": "2sCCb7doXEwtYAbqzbF/8UAeDRMNmPaQbU2q50Psg1J9KzumyVVCgKQY8s53WIPTufNT0DpSe9QRvVjOzfDWBA=="
      },
      "System.Collections.Immutable": {
        "type": "Transitive",
        "resolved": "6.0.0",
        "contentHash": "l4zZJ1WU2hqpQQHXz1rvC3etVZN+2DLmQMO79FhOTZHMn8tDRr+WU287sbomD0BETlmKDn0ygUgVy9k5xkkJdA==",
        "dependencies": {
          "System.Runtime.CompilerServices.Unsafe": "6.0.0"
        }
      },
      "System.Composition": {
        "type": "Transitive",
        "resolved": "6.0.0",
        "contentHash": "d7wMuKQtfsxUa7S13tITC8n1cQzewuhD5iDjZtK2prwFfKVzdYtgrTHgjaV03Zq7feGQ5gkP85tJJntXwInsJA==",
        "dependencies": {
          "System.Composition.AttributedModel": "6.0.0",
          "System.Composition.Convention": "6.0.0",
          "System.Composition.Hosting": "6.0.0",
          "System.Composition.Runtime": "6.0.0",
          "System.Composition.TypedParts": "6.0.0"
        }
      },
      "System.Composition.AttributedModel": {
        "type": "Transitive",
        "resolved": "6.0.0",
        "contentHash": "WK1nSDLByK/4VoC7fkNiFuTVEiperuCN/Hyn+VN30R+W2ijO1d0Z2Qm0ScEl9xkSn1G2MyapJi8xpf4R8WRa/w=="
      },
      "System.Composition.Convention": {
        "type": "Transitive",
        "resolved": "6.0.0",
        "contentHash": "XYi4lPRdu5bM4JVJ3/UIHAiG6V6lWWUlkhB9ab4IOq0FrRsp0F4wTyV4Dj+Ds+efoXJ3qbLqlvaUozDO7OLeXA==",
        "dependencies": {
          "System.Composition.AttributedModel": "6.0.0"
        }
      },
      "System.Composition.Hosting": {
        "type": "Transitive",
        "resolved": "6.0.0",
        "contentHash": "w/wXjj7kvxuHPLdzZ0PAUt++qJl03t7lENmb2Oev0n3zbxyNULbWBlnd5J5WUMMv15kg5o+/TCZFb6lSwfaUUQ==",
        "dependencies": {
          "System.Composition.Runtime": "6.0.0"
        }
      },
      "System.Composition.Runtime": {
        "type": "Transitive",
        "resolved": "6.0.0",
        "contentHash": "qkRH/YBaMPTnzxrS5RDk1juvqed4A6HOD/CwRcDGyPpYps1J27waBddiiq1y93jk2ZZ9wuA/kynM+NO0kb3PKg=="
      },
      "System.Composition.TypedParts": {
        "type": "Transitive",
        "resolved": "6.0.0",
        "contentHash": "iUR1eHrL8Cwd82neQCJ00MpwNIBs4NZgXzrPqx8NJf/k4+mwBO0XCRmHYJT4OLSwDDqh5nBLJWkz5cROnrGhRA==",
        "dependencies": {
          "System.Composition.AttributedModel": "6.0.0",
          "System.Composition.Hosting": "6.0.0",
          "System.Composition.Runtime": "6.0.0"
        }
      },
      "System.IO.Pipelines": {
        "type": "Transitive",
        "resolved": "6.0.3",
        "contentHash": "ryTgF+iFkpGZY1vRQhfCzX0xTdlV3pyaTTqRu2ETbEv+HlV7O6y7hyQURnghNIXvctl5DuZ//Dpks6HdL/Txgw=="
      },
      "System.Memory": {
        "type": "Transitive",
        "resolved": "4.5.3",
        "contentHash": "3oDzvc/zzetpTKWMShs1AADwZjQ/36HnsufHRPcOjyRAAMLDlu2iD33MBI2opxnezcVUtXyqDXXjoFMOU9c7SA=="
      },
      "System.Private.ServiceModel": {
        "type": "Transitive",
        "resolved": "4.5.3",
        "contentHash": "ancrQgJagx+yC4SZbuE+eShiEAUIF0E1d21TRSoy1C/rTwafAVcBr/fKibkq5TQzyy9uNil2tx2/iaUxsy0S9g==",
        "dependencies": {
          "Microsoft.NETCore.Platforms": "2.1.0",
          "System.Reflection.DispatchProxy": "4.5.0",
          "System.Security.Principal.Windows": "4.5.0"
        }
      },
      "System.Reflection.DispatchProxy": {
        "type": "Transitive",
        "resolved": "4.5.0",
        "contentHash": "+UW1hq11TNSeb+16rIk8hRQ02o339NFyzMc4ma/FqmxBzM30l1c2IherBB4ld1MNcenS48fz8tbt50OW4rVULA=="
      },
      "System.Reflection.Metadata": {
        "type": "Transitive",
        "resolved": "6.0.1",
        "contentHash": "III/lNMSn0ZRBuM9m5Cgbiho5j81u0FAEagFX5ta2DKbljZ3T0IpD8j+BIiHQPeKqJppWS9bGEp6JnKnWKze0g==",
        "dependencies": {
          "System.Collections.Immutable": "6.0.0"
        }
      },
      "System.Runtime.CompilerServices.Unsafe": {
        "type": "Transitive",
        "resolved": "6.0.0",
        "contentHash": "/iUeP3tq1S0XdNNoMz5C9twLSrM/TH+qElHkXWaPvuNOt+99G75NrV0OS2EqHx5wMN7popYjpc8oTjC1y16DLg=="
      },
      "System.Security.Principal.Windows": {
        "type": "Transitive",
        "resolved": "4.5.0",
        "contentHash": "U77HfRXlZlOeIXd//Yoj6Jnk8AXlbeisf1oq1os+hxOGVnuG+lGSfGqTwTZBoORFF6j/0q7HXIl8cqwQ9aUGqQ==",
        "dependencies": {
          "Microsoft.NETCore.Platforms": "2.0.0"
        }
      },
      "System.ServiceModel.Primitives": {
        "type": "Transitive",
        "resolved": "4.5.3",
        "contentHash": "Wc9Hgg4Cmqi416zvEgq2sW1YYCGuhwWzspDclJWlFZqY6EGhFUPZU+kVpl5z9kAgrSOQP7/Uiik+PtSQtmq+5A==",
        "dependencies": {
          "System.Private.ServiceModel": "4.5.3"
        }
      },
      "System.Text.Encoding.CodePages": {
        "type": "Transitive",
        "resolved": "6.0.0",
        "contentHash": "ZFCILZuOvtKPauZ/j/swhvw68ZRi9ATCfvGbk1QfydmcXBkIWecWKn/250UH7rahZ5OoDBaiAudJtPvLwzw85A==",
        "dependencies": {
          "System.Runtime.CompilerServices.Unsafe": "6.0.0"
        }
      },
      "System.Text.Encodings.Web": {
        "type": "Transitive",
        "resolved": "8.0.0",
        "contentHash": "yev/k9GHAEGx2Rg3/tU6MQh4HGBXJs70y7j1LaM1i/ER9po+6nnQ6RRqTJn1E7Xu0fbIFK80Nh5EoODxrbxwBQ=="
      },
      "System.Text.Json": {
        "type": "Transitive",
        "resolved": "8.0.0",
        "contentHash": "OdrZO2WjkiEG6ajEFRABTRCi/wuXQPxeV6g8xvUJqdxMvvuCCEk86zPla8UiIQJz3durtUEbNyY/3lIhS0yZvQ==",
        "dependencies": {
          "System.Text.Encodings.Web": "8.0.0"
        }
      },
      "System.Threading.Channels": {
        "type": "Transitive",
        "resolved": "6.0.0",
        "contentHash": "TY8/9+tI0mNaUMgntOxxaq2ndTkdXqLSxvPmas7XEqOlv9lQtB7wLjYGd756lOaO7Dvb5r/WXhluM+0Xe87v5Q=="
      },
      "edelstein.protocol.services.migration": {
        "type": "Project",
        "dependencies": {
          "protobuf-net.Grpc": "[1.1.1, )"
        }
      },
      "edelstein.protocol.services.server": {
        "type": "Project",
        "dependencies": {
          "protobuf-net.Grpc": "[1.1.1, )"
        }
      },
      "edelstein.protocol.services.session": {
        "type": "Project",
        "dependencies": {
          "protobuf-net.Grpc": "[1.1.1, )"
        }
      },
      "protobuf-net.Grpc": {
        "type": "CentralTransitive",
        "requested": "[1.1.1, )",
        "resolved": "1.1.1",
        "contentHash": "uThFb/iUplzuXEa/cztJaNGpKLRQRb515STtQX99IS1MKh8Qsunw6MjjU+9rjo8s9UymR6lN9Ab6xT3adBlyDg==",
        "dependencies": {
          "Grpc.Core.Api": "2.51.0",
          "protobuf-net": "2.4.8"
        }
      }
    }
  }
}