{
  "version": 2,
  "dependencies": {
    "net9.0": {
      "BCrypt.Net-Next": {
        "type": "Direct",
        "requested": "[4.0.3, )",
        "resolved": "4.0.3",
        "contentHash": "W+U9WvmZQgi5cX6FS5GDtDoPzUCV4LkBLkywq/kRZhuDwcbavOzcDAr3LXJFqHUi952Yj3LEYoWW0jbEUQChsA=="
      },
      "MinVer": {
        "type": "Direct",
        "requested": "[5.0.0, )",
        "resolved": "5.0.0",
        "contentHash": "ybkgpQMtt0Fo91l5rYtE3TZtD+Nmy5Ko091xvfXXOosQdMi30XO2EZ2+ShZt89gdu7RMmJqZaJ+e1q6d+6+KNw=="
      },
      "Grpc.Core.Api": {
        "type": "Transitive",
        "resolved": "2.51.0",
        "contentHash": "WUYCnxZKfdBWCKNs08lWFRoTjESt3iyFDthsZu5KcWguZ4OnnXrTu/K5mIdO+R9dUhuw5Xm1ygUrI1e2q8d1YA==",
        "dependencies": {
          "System.Memory": "4.5.3"
        }
      },
      "Microsoft.Extensions.ObjectPool": {
        "type": "Transitive",
        "resolved": "6.0.16",
        "contentHash": "OVX5tlKg6LY+XKqlUn7i9KY+6Liut0iewWff2DNr7129i/NJ8rpUzbmxavPydZgcLREEWHklXZiPKCS895tNIQ=="
      },
      "protobuf-net": {
        "type": "Transitive",
        "resolved": "2.4.8",
        "contentHash": "O+vbVVDxTWlFRBe5OsAmMKqqD7WQ7TPIH97Nr/Pk8gDxtNW77seiDmXfxnODuWIkm0fYW7kE5ILq8jHsgH79yg==",
        "dependencies": {
          "System.ServiceModel.Primitives": "4.5.3"
        }
      },
      "System.Formats.Asn1": {
        "type": "Transitive",
        "resolved": "6.0.0",
        "contentHash": "T6fD00dQ3NTbPDy31m4eQUwKW84s03z0N2C8HpOklyeaDgaJPa/TexP4/SkORMSOwc7WhKifnA6Ya33AkzmafA=="
      },
      "System.Memory": {
        "type": "Transitive",
        "resolved": "4.5.3",
        "contentHash": "3oDzvc/zzetpTKWMShs1AADwZjQ/36HnsufHRPcOjyRAAMLDlu2iD33MBI2opxnezcVUtXyqDXXjoFMOU9c7SA=="
      },
      "System.Security.AccessControl": {
        "type": "Transitive",
        "resolved": "6.0.0",
        "contentHash": "AUADIc0LIEQe7MzC+I0cl0rAT8RrTAKFHl53yHjEUzNVIaUlhFY11vc2ebiVJzVBuOzun6F7FBA+8KAbGTTedQ=="
      },
      "System.Security.Cryptography.Pkcs": {
        "type": "Transitive",
        "resolved": "6.0.1",
        "contentHash": "ynmbW2GjIGg9K1wXmVIRs4IlyDolf0JXNpzFQ8JCVgwM+myUC2JeUggl2PwQig2PNVMegKmN1aAx7WPQ8tI3vA==",
        "dependencies": {
          "System.Formats.Asn1": "6.0.0"
        }
      },
      "System.Security.Cryptography.Xml": {
        "type": "Transitive",
        "resolved": "6.0.1",
        "contentHash": "5e5bI28T0x73AwTsbuFP4qSRzthmU2C0Gqgg3AZ3KTxmSyA+Uhk31puA3srdaeWaacVnHhLdJywCzqOiEpbO/w==",
        "dependencies": {
          "System.Security.AccessControl": "6.0.0",
          "System.Security.Cryptography.Pkcs": "6.0.1"
        }
      },
      "edelstein.protocol.services.auth": {
        "type": "Project",
        "dependencies": {
          "System.ServiceModel.Primitives": "[8.0.0, )",
          "protobuf-net.Grpc": "[1.1.1, )"
        }
      },
      "edelstein.protocol.utilities": {
        "type": "Project"
      },
      "protobuf-net.Grpc": {
        "type": "CentralTransitive",
        "requested": "[1.1.1, )",
        "resolved": "1.1.1",
        "contentHash": "uThFb/iUplzuXEa/cztJaNGpKLRQRb515STtQX99IS1MKh8Qsunw6MjjU+9rjo8s9UymR6lN9Ab6xT3adBlyDg==",
        "dependencies": {
          "Grpc.Core.Api": "2.51.0",
          "protobuf-net": "2.4.8"
        }
      },
      "System.ServiceModel.Primitives": {
        "type": "CentralTransitive",
        "requested": "[8.0.0, )",
        "resolved": "8.0.0",
        "contentHash": "hVzK77Bl00H+1V7ho7h03tKlgxAIKssV3eUnRdH+gTCZCK4Ywnv2CR35AV9ly/tRpvsGwNL1d/jkAwB1MWw3Fw==",
        "dependencies": {
          "Microsoft.Extensions.ObjectPool": "6.0.16",
          "System.Security.Cryptography.Xml": "6.0.1"
        }
      }
    }
  }
}