{
  "version": 1,
  "dependencies": {
    "net8.0": {
      "Duey": {
        "type": "Direct",
        "requested": "[1.0.4, )",
        "resolved": "1.0.4",
        "contentHash": "lBOhp81i/VhsOxpn17TBEoGrbuIVht2/AL1bKvf83K9pav8wobbGQODPxAPM53IF8y4DqE9vYgzXRD03mKX6ow==",
        "dependencies": {
          "K4os.Compression.LZ4": "1.1.11"
        }
      },
      "MathParser.org-mXparser": {
        "type": "Direct",
        "requested": "[4.4.3, )",
        "resolved": "4.4.3",
        "contentHash": "QhHsP4nzyjC3G2kJ+dbT3NFuE0M0rKfa0wQjCcn5UyK0VnXN8OeYMy9KEYGzNKI9ealcwOQJd/4Xcq4PE+Vl7g=="
      },
      "Microsoft.Extensions.Logging.Abstractions": {
        "type": "Direct",
        "requested": "[7.0.0, )",
        "resolved": "7.0.0",
        "contentHash": "kmn78+LPVMOWeITUjIlfxUPDsI0R6G0RkeAMBmQxAJ7vBJn4q2dTva7pWi65ceN5vPGjJ9q/Uae2WKgvfktJAw=="
      },
      "K4os.Compression.LZ4": {
        "type": "Transitive",
        "resolved": "1.1.11",
        "contentHash": "RNvJw0UGkedPhCqVBNIogtfQebY+bQt0PN7xDbVe5LWLra0ZEqPfjPSl7iStj3rgDnkqkkTTpm+vCX3hU1qKmA==",
        "dependencies": {
          "System.Memory": "4.5.3"
        }
      },
      "RBush": {
        "type": "Transitive",
        "resolved": "3.2.0",
        "contentHash": "ijGh9N0zZ7JfXk3oQkWCwK8SwSSByexbyh/MjbCjNxOft9eG5ZqKC1vdgiYq78h4IZRFmN4s3JZ/b10Jipud5w=="
      },
      "System.Memory": {
        "type": "Transitive",
        "resolved": "4.5.3",
        "contentHash": "3oDzvc/zzetpTKWMShs1AADwZjQ/36HnsufHRPcOjyRAAMLDlu2iD33MBI2opxnezcVUtXyqDXXjoFMOU9c7SA=="
      },
      "edelstein.common.utilities": {
        "type": "Project",
        "dependencies": {
          "Edelstein.Protocol.Utilities": "[1.0.0, )",
          "Microsoft.Extensions.Logging.Abstractions": "[7.0.0, )",
          "RBush": "[3.2.0, )"
        }
      },
      "edelstein.protocol.data": {
        "type": "Project"
      },
      "edelstein.protocol.gameplay": {
        "type": "Project",
        "dependencies": {
          "Edelstein.Common.Utilities": "[1.0.0, )",
          "Edelstein.Protocol.Network": "[1.0.0, )",
          "Edelstein.Protocol.Services.Social": "[1.0.0, )",
          "Edelstein.Protocol.Utilities": "[1.0.0, )"
        }
      },
      "edelstein.protocol.network": {
        "type": "Project",
        "dependencies": {
          "Edelstein.Protocol.Utilities": "[1.0.0, )"
        }
      },
      "edelstein.protocol.services.server": {
        "type": "Project",
        "dependencies": {
          "Edelstein.Protocol.Gameplay": "[1.0.0, )",
          "Edelstein.Protocol.Utilities": "[1.0.0, )"
        }
      },
      "edelstein.protocol.services.social": {
        "type": "Project",
        "dependencies": {
          "Edelstein.Protocol.Utilities": "[1.0.0, )"
        }
      },
      "edelstein.protocol.utilities": {
        "type": "Project"
      }
    }
  }
}