{
  "version": 1,
  "dependencies": {
    "net8.0": {
      "MoonSharp": {
        "type": "Direct",
        "requested": "[2.0.0, )",
        "resolved": "2.0.0",
        "contentHash": "uiAcRh7d+53k3xW9pFDJfAFVw4RnjHVCJG05M3oPAVEVwPtFavhg1H/IpC6So4X1j9kJlzuLlA3OghhPcIvc5A=="
      },
      "edelstein.protocol.scripting": {
        "type": "Project"
      }
    }
  }
}